// !$*UTF8*$!
{
	archiveVersion = 1;
	classes = {
	};
	objectVersion = 46;
	objects = {

/* Begin PBXBuildFile section */
		DF9157241A006B5A00B89BFF /* logo.png in Resources */ = {isa = PBXBuildFile; fileRef = DF9157231A006B5A00B89BFF /* logo.png */; };
		DF9157261A006B6600B89BFF /* mainMenu.png in Resources */ = {isa = PBXBuildFile; fileRef = DF9157251A006B6600B89BFF /* mainMenu.png */; };
		DFAB52E41A01BF1C00914D0E /* Knight_Slash_1.png in Resources */ = {isa = PBXBuildFile; fileRef = DFAB52A51A01BF1B00914D0E /* Knight_Slash_1.png */; };
		DFAB52E51A01BF1C00914D0E /* Knight_Slash_10.png in Resources */ = {isa = PBXBuildFile; fileRef = DFAB52A61A01BF1B00914D0E /* Knight_Slash_10.png */; };
		DFAB52E61A01BF1C00914D0E /* Knight_Slash_11.png in Resources */ = {isa = PBXBuildFile; fileRef = DFAB52A71A01BF1B00914D0E /* Knight_Slash_11.png */; };
		DFAB52E71A01BF1C00914D0E /* Knight_Slash_12.png in Resources */ = {isa = PBXBuildFile; fileRef = DFAB52A81A01BF1B00914D0E /* Knight_Slash_12.png */; };
		DFAB52E91A01BF1C00914D0E /* Knight_Slash_2.png in Resources */ = {isa = PBXBuildFile; fileRef = DFAB52AA1A01BF1B00914D0E /* Knight_Slash_2.png */; };
		DFAB52EA1A01BF1C00914D0E /* Knight_Slash_3.png in Resources */ = {isa = PBXBuildFile; fileRef = DFAB52AB1A01BF1B00914D0E /* Knight_Slash_3.png */; };
		DFAB52EB1A01BF1C00914D0E /* Knight_Slash_4.png in Resources */ = {isa = PBXBuildFile; fileRef = DFAB52AC1A01BF1B00914D0E /* Knight_Slash_4.png */; };
		DFAB52EC1A01BF1C00914D0E /* Knight_Slash_5.png in Resources */ = {isa = PBXBuildFile; fileRef = DFAB52AD1A01BF1B00914D0E /* Knight_Slash_5.png */; };
		DFAB52ED1A01BF1C00914D0E /* Knight_Slash_6.png in Resources */ = {isa = PBXBuildFile; fileRef = DFAB52AE1A01BF1B00914D0E /* Knight_Slash_6.png */; };
		DFAB52EE1A01BF1C00914D0E /* Knight_Slash_7.png in Resources */ = {isa = PBXBuildFile; fileRef = DFAB52AF1A01BF1B00914D0E /* Knight_Slash_7.png */; };
		DFAB52EF1A01BF1C00914D0E /* Knight_Slash_8.png in Resources */ = {isa = PBXBuildFile; fileRef = DFAB52B01A01BF1B00914D0E /* Knight_Slash_8.png */; };
		DFAB52F01A01BF1C00914D0E /* Knight_Slash_9.png in Resources */ = {isa = PBXBuildFile; fileRef = DFAB52B11A01BF1B00914D0E /* Knight_Slash_9.png */; };
		DFAB52F11A01BF1C00914D0E /* Knight_SSlash_0.psd in Resources */ = {isa = PBXBuildFile; fileRef = DFAB52B31A01BF1B00914D0E /* Knight_SSlash_0.psd */; };
		DFAB52F21A01BF1C00914D0E /* Knight_SSlash_1.png in Resources */ = {isa = PBXBuildFile; fileRef = DFAB52B41A01BF1B00914D0E /* Knight_SSlash_1.png */; };
		DFAB52F31A01BF1C00914D0E /* Knight_SSlash_10.png in Resources */ = {isa = PBXBuildFile; fileRef = DFAB52B51A01BF1B00914D0E /* Knight_SSlash_10.png */; };
		DFAB52F41A01BF1C00914D0E /* Knight_SSlash_11.png in Resources */ = {isa = PBXBuildFile; fileRef = DFAB52B61A01BF1B00914D0E /* Knight_SSlash_11.png */; };
		DFAB52F51A01BF1C00914D0E /* Knight_SSlash_12.png in Resources */ = {isa = PBXBuildFile; fileRef = DFAB52B71A01BF1C00914D0E /* Knight_SSlash_12.png */; };
		DFAB52F61A01BF1C00914D0E /* Knight_SSlash_13.png in Resources */ = {isa = PBXBuildFile; fileRef = DFAB52B81A01BF1C00914D0E /* Knight_SSlash_13.png */; };
		DFAB52F71A01BF1C00914D0E /* Knight_SSlash_2.png in Resources */ = {isa = PBXBuildFile; fileRef = DFAB52B91A01BF1C00914D0E /* Knight_SSlash_2.png */; };
		DFAB52F81A01BF1C00914D0E /* Knight_SSlash_3.png in Resources */ = {isa = PBXBuildFile; fileRef = DFAB52BA1A01BF1C00914D0E /* Knight_SSlash_3.png */; };
		DFAB52F91A01BF1C00914D0E /* Knight_SSlash_4.png in Resources */ = {isa = PBXBuildFile; fileRef = DFAB52BB1A01BF1C00914D0E /* Knight_SSlash_4.png */; };
		DFAB52FA1A01BF1C00914D0E /* Knight_SSlash_5.png in Resources */ = {isa = PBXBuildFile; fileRef = DFAB52BC1A01BF1C00914D0E /* Knight_SSlash_5.png */; };
		DFAB52FB1A01BF1C00914D0E /* Knight_SSlash_6.png in Resources */ = {isa = PBXBuildFile; fileRef = DFAB52BD1A01BF1C00914D0E /* Knight_SSlash_6.png */; };
		DFAB52FC1A01BF1C00914D0E /* Knight_SSlash_7.png in Resources */ = {isa = PBXBuildFile; fileRef = DFAB52BE1A01BF1C00914D0E /* Knight_SSlash_7.png */; };
		DFAB52FD1A01BF1C00914D0E /* Knight_SSlash_8.png in Resources */ = {isa = PBXBuildFile; fileRef = DFAB52BF1A01BF1C00914D0E /* Knight_SSlash_8.png */; };
		DFAB52FE1A01BF1C00914D0E /* Knight_SSlash_9.png in Resources */ = {isa = PBXBuildFile; fileRef = DFAB52C01A01BF1C00914D0E /* Knight_SSlash_9.png */; };
		DFAB52FF1A01BF1C00914D0E /* Knight_SSlash_00.png in Resources */ = {isa = PBXBuildFile; fileRef = DFAB52C21A01BF1C00914D0E /* Knight_SSlash_00.png */; };
		DFAB53001A01BF1C00914D0E /* Knight_SSlash_01.png in Resources */ = {isa = PBXBuildFile; fileRef = DFAB52C31A01BF1C00914D0E /* Knight_SSlash_01.png */; };
		DFAB53011A01BF1C00914D0E /* Knight_SSlash_02.png in Resources */ = {isa = PBXBuildFile; fileRef = DFAB52C41A01BF1C00914D0E /* Knight_SSlash_02.png */; };
		DFAB53021A01BF1C00914D0E /* Knight_SSlash_03.png in Resources */ = {isa = PBXBuildFile; fileRef = DFAB52C51A01BF1C00914D0E /* Knight_SSlash_03.png */; };
		DFAB53031A01BF1C00914D0E /* Knight_SSlash_04.png in Resources */ = {isa = PBXBuildFile; fileRef = DFAB52C61A01BF1C00914D0E /* Knight_SSlash_04.png */; };
		DFAB53041A01BF1C00914D0E /* Knight_SSlash_05.png in Resources */ = {isa = PBXBuildFile; fileRef = DFAB52C71A01BF1C00914D0E /* Knight_SSlash_05.png */; };
		DFAB53051A01BF1C00914D0E /* Knight_SSlash_06.png in Resources */ = {isa = PBXBuildFile; fileRef = DFAB52C81A01BF1C00914D0E /* Knight_SSlash_06.png */; };
		DFAB53061A01BF1C00914D0E /* Knight_SSlash_07.png in Resources */ = {isa = PBXBuildFile; fileRef = DFAB52C91A01BF1C00914D0E /* Knight_SSlash_07.png */; };
		DFAB53071A01BF1C00914D0E /* Knight_SSlash_08.png in Resources */ = {isa = PBXBuildFile; fileRef = DFAB52CA1A01BF1C00914D0E /* Knight_SSlash_08.png */; };
		DFAB53081A01BF1C00914D0E /* Knight_SSlash_09.png in Resources */ = {isa = PBXBuildFile; fileRef = DFAB52CB1A01BF1C00914D0E /* Knight_SSlash_09.png */; };
		DFAB53091A01BF1C00914D0E /* Knight_SSlash_10.png in Resources */ = {isa = PBXBuildFile; fileRef = DFAB52CC1A01BF1C00914D0E /* Knight_SSlash_10.png */; };
		DFAB530A1A01BF1C00914D0E /* Knight_SSlash_11.png in Resources */ = {isa = PBXBuildFile; fileRef = DFAB52CD1A01BF1C00914D0E /* Knight_SSlash_11.png */; };
		DFAB530C1A01BF1C00914D0E /* Knight_Walk_0.png in Resources */ = {isa = PBXBuildFile; fileRef = DFAB52D01A01BF1C00914D0E /* Knight_Walk_0.png */; };
		DFAB530D1A01BF1C00914D0E /* Knight_Walk_1.png in Resources */ = {isa = PBXBuildFile; fileRef = DFAB52D11A01BF1C00914D0E /* Knight_Walk_1.png */; };
		DFAB530E1A01BF1C00914D0E /* Knight_Walk_10.png in Resources */ = {isa = PBXBuildFile; fileRef = DFAB52D21A01BF1C00914D0E /* Knight_Walk_10.png */; };
		DFAB530F1A01BF1C00914D0E /* Knight_Walk_11.png in Resources */ = {isa = PBXBuildFile; fileRef = DFAB52D31A01BF1C00914D0E /* Knight_Walk_11.png */; };
		DFAB53101A01BF1C00914D0E /* Knight_Walk_12.png in Resources */ = {isa = PBXBuildFile; fileRef = DFAB52D41A01BF1C00914D0E /* Knight_Walk_12.png */; };
		DFAB53111A01BF1C00914D0E /* Knight_Walk_13.png in Resources */ = {isa = PBXBuildFile; fileRef = DFAB52D51A01BF1C00914D0E /* Knight_Walk_13.png */; };
		DFAB53121A01BF1C00914D0E /* Knight_Walk_14.png in Resources */ = {isa = PBXBuildFile; fileRef = DFAB52D61A01BF1C00914D0E /* Knight_Walk_14.png */; };
		DFAB53131A01BF1C00914D0E /* Knight_Walk_15.png in Resources */ = {isa = PBXBuildFile; fileRef = DFAB52D71A01BF1C00914D0E /* Knight_Walk_15.png */; };
		DFAB53141A01BF1C00914D0E /* Knight_Walk_16.png in Resources */ = {isa = PBXBuildFile; fileRef = DFAB52D81A01BF1C00914D0E /* Knight_Walk_16.png */; };
		DFAB53151A01BF1C00914D0E /* Knight_Walk_17.png in Resources */ = {isa = PBXBuildFile; fileRef = DFAB52D91A01BF1C00914D0E /* Knight_Walk_17.png */; };
		DFAB53171A01BF1C00914D0E /* Knight_Walk_2.png in Resources */ = {isa = PBXBuildFile; fileRef = DFAB52DB1A01BF1C00914D0E /* Knight_Walk_2.png */; };
		DFAB53181A01BF1C00914D0E /* Knight_Walk_3.png in Resources */ = {isa = PBXBuildFile; fileRef = DFAB52DC1A01BF1C00914D0E /* Knight_Walk_3.png */; };
		DFAB53191A01BF1C00914D0E /* Knight_Walk_4.png in Resources */ = {isa = PBXBuildFile; fileRef = DFAB52DD1A01BF1C00914D0E /* Knight_Walk_4.png */; };
		DFAB531A1A01BF1C00914D0E /* Knight_Walk_5.png in Resources */ = {isa = PBXBuildFile; fileRef = DFAB52DE1A01BF1C00914D0E /* Knight_Walk_5.png */; };
		DFAB531B1A01BF1C00914D0E /* Knight_Walk_6.png in Resources */ = {isa = PBXBuildFile; fileRef = DFAB52DF1A01BF1C00914D0E /* Knight_Walk_6.png */; };
		DFAB531C1A01BF1C00914D0E /* Knight_Walk_7.png in Resources */ = {isa = PBXBuildFile; fileRef = DFAB52E01A01BF1C00914D0E /* Knight_Walk_7.png */; };
		DFAB531D1A01BF1C00914D0E /* Knight_Walk_8.png in Resources */ = {isa = PBXBuildFile; fileRef = DFAB52E11A01BF1C00914D0E /* Knight_Walk_8.png */; };
		DFAB531E1A01BF1C00914D0E /* Knight_Walk_9.png in Resources */ = {isa = PBXBuildFile; fileRef = DFAB52E21A01BF1C00914D0E /* Knight_Walk_9.png */; };
		DFDACC891A017DCA00F550CF /* Knight.m in Sources */ = {isa = PBXBuildFile; fileRef = DFDACC881A017DC900F550CF /* Knight.m */; };
		FB1EECC41A024B5000BA714F /* down.png in Resources */ = {isa = PBXBuildFile; fileRef = FB1EECC01A024B5000BA714F /* down.png */; };
		FB1EECC51A024B5000BA714F /* left.png in Resources */ = {isa = PBXBuildFile; fileRef = FB1EECC11A024B5000BA714F /* left.png */; };
		FB1EECC61A024B5000BA714F /* right.png in Resources */ = {isa = PBXBuildFile; fileRef = FB1EECC21A024B5000BA714F /* right.png */; };
		FB1EECC71A024B5000BA714F /* up.png in Resources */ = {isa = PBXBuildFile; fileRef = FB1EECC31A024B5000BA714F /* up.png */; };
		FB4E491119F7F7BE00C715F4 /* Entity.m in Sources */ = {isa = PBXBuildFile; fileRef = FB4E491019F7F7BE00C715F4 /* Entity.m */; };
		FB4E491419F7F85A00C715F4 /* Baelog.m in Sources */ = {isa = PBXBuildFile; fileRef = FB4E491319F7F85A00C715F4 /* Baelog.m */; };
		FB4E492019F7F89200C715F4 /* SKAction+SKTExtras.m in Sources */ = {isa = PBXBuildFile; fileRef = FB4E491719F7F89200C715F4 /* SKAction+SKTExtras.m */; };
		FB4E492119F7F89200C715F4 /* SKEmitterNode+SKTExtras.m in Sources */ = {isa = PBXBuildFile; fileRef = FB4E491919F7F89200C715F4 /* SKEmitterNode+SKTExtras.m */; };
		FB4E492219F7F89200C715F4 /* SKNode+SKTExtras.m in Sources */ = {isa = PBXBuildFile; fileRef = FB4E491B19F7F89200C715F4 /* SKNode+SKTExtras.m */; };
		FB4E492319F7F89200C715F4 /* SKTAudio.m in Sources */ = {isa = PBXBuildFile; fileRef = FB4E491D19F7F89200C715F4 /* SKTAudio.m */; };
		FB4E492419F7F89200C715F4 /* SKTUtils.mm in Sources */ = {isa = PBXBuildFile; fileRef = FB4E491F19F7F89200C715F4 /* SKTUtils.mm */; };
		FB4E497D19F7F99100C715F4 /* Baelog-0-0.png in Resources */ = {isa = PBXBuildFile; fileRef = FB4E492619F7F99100C715F4 /* Baelog-0-0.png */; };
		FB4E497E19F7F99100C715F4 /* Baelog-0-1.png in Resources */ = {isa = PBXBuildFile; fileRef = FB4E492719F7F99100C715F4 /* Baelog-0-1.png */; };
		FB4E497F19F7F99100C715F4 /* Baelog-0-2.png in Resources */ = {isa = PBXBuildFile; fileRef = FB4E492819F7F99100C715F4 /* Baelog-0-2.png */; };
		FB4E498019F7F99100C715F4 /* Baelog-0-3.png in Resources */ = {isa = PBXBuildFile; fileRef = FB4E492919F7F99100C715F4 /* Baelog-0-3.png */; };
		FB4E498119F7F99100C715F4 /* Baelog-0-4.png in Resources */ = {isa = PBXBuildFile; fileRef = FB4E492A19F7F99100C715F4 /* Baelog-0-4.png */; };
		FB4E498219F7F99100C715F4 /* Baelog-0-5.png in Resources */ = {isa = PBXBuildFile; fileRef = FB4E492B19F7F99100C715F4 /* Baelog-0-5.png */; };
		FB4E498319F7F99100C715F4 /* Baelog-0-6.png in Resources */ = {isa = PBXBuildFile; fileRef = FB4E492C19F7F99100C715F4 /* Baelog-0-6.png */; };
		FB4E498419F7F99100C715F4 /* Baelog-0-7.png in Resources */ = {isa = PBXBuildFile; fileRef = FB4E492D19F7F99100C715F4 /* Baelog-0-7.png */; };
		FB4E498519F7F99100C715F4 /* Baelog-1-0.png in Resources */ = {isa = PBXBuildFile; fileRef = FB4E492E19F7F99100C715F4 /* Baelog-1-0.png */; };
		FB4E498619F7F99100C715F4 /* Baelog-1-1.png in Resources */ = {isa = PBXBuildFile; fileRef = FB4E492F19F7F99100C715F4 /* Baelog-1-1.png */; };
		FB4E498719F7F99100C715F4 /* Baelog-1-2.png in Resources */ = {isa = PBXBuildFile; fileRef = FB4E493019F7F99100C715F4 /* Baelog-1-2.png */; };
		FB4E498819F7F99100C715F4 /* Baelog-1-3.png in Resources */ = {isa = PBXBuildFile; fileRef = FB4E493119F7F99100C715F4 /* Baelog-1-3.png */; };
		FB4E498919F7F99100C715F4 /* Baelog-1-4.png in Resources */ = {isa = PBXBuildFile; fileRef = FB4E493219F7F99100C715F4 /* Baelog-1-4.png */; };
		FB4E498A19F7F99100C715F4 /* Baelog-1-5.png in Resources */ = {isa = PBXBuildFile; fileRef = FB4E493319F7F99100C715F4 /* Baelog-1-5.png */; };
		FB4E498B19F7F99100C715F4 /* Baelog-2-0.png in Resources */ = {isa = PBXBuildFile; fileRef = FB4E493419F7F99100C715F4 /* Baelog-2-0.png */; };
		FB4E498C19F7F99100C715F4 /* Baelog-2-1.png in Resources */ = {isa = PBXBuildFile; fileRef = FB4E493519F7F99100C715F4 /* Baelog-2-1.png */; };
		FB4E498D19F7F99100C715F4 /* Baelog-3-0.png in Resources */ = {isa = PBXBuildFile; fileRef = FB4E493619F7F99100C715F4 /* Baelog-3-0.png */; };
		FB4E498E19F7F99100C715F4 /* Baelog-3-1.png in Resources */ = {isa = PBXBuildFile; fileRef = FB4E493719F7F99100C715F4 /* Baelog-3-1.png */; };
		FB4E498F19F7F99100C715F4 /* Baelog-4-0.png in Resources */ = {isa = PBXBuildFile; fileRef = FB4E493819F7F99100C715F4 /* Baelog-4-0.png */; };
		FB4E499019F7F99100C715F4 /* Baelog-4-1.png in Resources */ = {isa = PBXBuildFile; fileRef = FB4E493919F7F99100C715F4 /* Baelog-4-1.png */; };
		FB4E499119F7F99100C715F4 /* Baelog-4-2.png in Resources */ = {isa = PBXBuildFile; fileRef = FB4E493A19F7F99100C715F4 /* Baelog-4-2.png */; };
		FB4E499219F7F99100C715F4 /* Baelog-4-3.png in Resources */ = {isa = PBXBuildFile; fileRef = FB4E493B19F7F99100C715F4 /* Baelog-4-3.png */; };
		FB4E499319F7F99100C715F4 /* Baelog-4-4.png in Resources */ = {isa = PBXBuildFile; fileRef = FB4E493C19F7F99100C715F4 /* Baelog-4-4.png */; };
		FB4E499419F7F99100C715F4 /* Baelog-4-5.png in Resources */ = {isa = PBXBuildFile; fileRef = FB4E493D19F7F99100C715F4 /* Baelog-4-5.png */; };
		FB4E499519F7F99100C715F4 /* Baelog-5-0.png in Resources */ = {isa = PBXBuildFile; fileRef = FB4E493E19F7F99100C715F4 /* Baelog-5-0.png */; };
		FB4E499619F7F99100C715F4 /* Baelog-5-1.png in Resources */ = {isa = PBXBuildFile; fileRef = FB4E493F19F7F99100C715F4 /* Baelog-5-1.png */; };
		FB4E499719F7F99100C715F4 /* Baelog-5-2.png in Resources */ = {isa = PBXBuildFile; fileRef = FB4E494019F7F99100C715F4 /* Baelog-5-2.png */; };
		FB4E499819F7F99100C715F4 /* Baelog-5-3.png in Resources */ = {isa = PBXBuildFile; fileRef = FB4E494119F7F99100C715F4 /* Baelog-5-3.png */; };
		FB4E499919F7F99100C715F4 /* Baelog-6-0.png in Resources */ = {isa = PBXBuildFile; fileRef = FB4E494219F7F99100C715F4 /* Baelog-6-0.png */; };
		FB4E499A19F7F99100C715F4 /* Baelog-6-1.png in Resources */ = {isa = PBXBuildFile; fileRef = FB4E494319F7F99100C715F4 /* Baelog-6-1.png */; };
		FB4E499B19F7F99100C715F4 /* Baelog-7-0.png in Resources */ = {isa = PBXBuildFile; fileRef = FB4E494419F7F99100C715F4 /* Baelog-7-0.png */; };
		FB4E499C19F7F99100C715F4 /* Baelog-7-1.png in Resources */ = {isa = PBXBuildFile; fileRef = FB4E494519F7F99100C715F4 /* Baelog-7-1.png */; };
		FB4E499D19F7F99100C715F4 /* Baelog-7-2.png in Resources */ = {isa = PBXBuildFile; fileRef = FB4E494619F7F99100C715F4 /* Baelog-7-2.png */; };
		FB4E499E19F7F99100C715F4 /* Baelog-8-0.png in Resources */ = {isa = PBXBuildFile; fileRef = FB4E494719F7F99100C715F4 /* Baelog-8-0.png */; };
		FB4E499F19F7F99100C715F4 /* Baelog-8-1.png in Resources */ = {isa = PBXBuildFile; fileRef = FB4E494819F7F99100C715F4 /* Baelog-8-1.png */; };
		FB4E49A019F7F99100C715F4 /* Baelog-8-2.png in Resources */ = {isa = PBXBuildFile; fileRef = FB4E494919F7F99100C715F4 /* Baelog-8-2.png */; };
		FB4E49A119F7F99100C715F4 /* Baelog-8-3.png in Resources */ = {isa = PBXBuildFile; fileRef = FB4E494A19F7F99100C715F4 /* Baelog-8-3.png */; };
		FB4E49A219F7F99100C715F4 /* Baelog-9-0.png in Resources */ = {isa = PBXBuildFile; fileRef = FB4E494B19F7F99100C715F4 /* Baelog-9-0.png */; };
		FB4E49A319F7F99100C715F4 /* Baelog-9-1.png in Resources */ = {isa = PBXBuildFile; fileRef = FB4E494C19F7F99100C715F4 /* Baelog-9-1.png */; };
		FB4E49A419F7F99100C715F4 /* Baelog-9-2.png in Resources */ = {isa = PBXBuildFile; fileRef = FB4E494D19F7F99100C715F4 /* Baelog-9-2.png */; };
		FB4E49A519F7F99100C715F4 /* Baelog-9-3.png in Resources */ = {isa = PBXBuildFile; fileRef = FB4E494E19F7F99100C715F4 /* Baelog-9-3.png */; };
		FB4E49A619F7F99100C715F4 /* Baelog10-0.png in Resources */ = {isa = PBXBuildFile; fileRef = FB4E494F19F7F99100C715F4 /* Baelog10-0.png */; };
		FB4E49A719F7F99100C715F4 /* Baelog10-1.png in Resources */ = {isa = PBXBuildFile; fileRef = FB4E495019F7F99100C715F4 /* Baelog10-1.png */; };
		FB4E49A819F7F99100C715F4 /* Baelog11-0.png in Resources */ = {isa = PBXBuildFile; fileRef = FB4E495119F7F99100C715F4 /* Baelog11-0.png */; };
		FB4E49A919F7F99100C715F4 /* Baelog11-1.png in Resources */ = {isa = PBXBuildFile; fileRef = FB4E495219F7F99100C715F4 /* Baelog11-1.png */; };
		FB4E49AA19F7F99100C715F4 /* Baelog11-2.png in Resources */ = {isa = PBXBuildFile; fileRef = FB4E495319F7F99100C715F4 /* Baelog11-2.png */; };
		FB4E49AB19F7F99100C715F4 /* Baelog11-3.png in Resources */ = {isa = PBXBuildFile; fileRef = FB4E495419F7F99100C715F4 /* Baelog11-3.png */; };
		FB4E49AC19F7F99100C715F4 /* Baelog11-4.png in Resources */ = {isa = PBXBuildFile; fileRef = FB4E495519F7F99100C715F4 /* Baelog11-4.png */; };
		FB4E49AD19F7F99100C715F4 /* Baelog11-5.png in Resources */ = {isa = PBXBuildFile; fileRef = FB4E495619F7F99100C715F4 /* Baelog11-5.png */; };
		FB4E49AE19F7F99100C715F4 /* Baelog11-6.png in Resources */ = {isa = PBXBuildFile; fileRef = FB4E495719F7F99100C715F4 /* Baelog11-6.png */; };
		FB4E49AF19F7F99100C715F4 /* Baelog11-7.png in Resources */ = {isa = PBXBuildFile; fileRef = FB4E495819F7F99100C715F4 /* Baelog11-7.png */; };
		FB4E49B019F7F99100C715F4 /* Baelog12-0.png in Resources */ = {isa = PBXBuildFile; fileRef = FB4E495919F7F99100C715F4 /* Baelog12-0.png */; };
		FB4E49B119F7F99100C715F4 /* Baelog12-1.png in Resources */ = {isa = PBXBuildFile; fileRef = FB4E495A19F7F99100C715F4 /* Baelog12-1.png */; };
		FB4E49B219F7F99100C715F4 /* Baelog12-2.png in Resources */ = {isa = PBXBuildFile; fileRef = FB4E495B19F7F99100C715F4 /* Baelog12-2.png */; };
		FB4E49B319F7F99100C715F4 /* Baelog13-0.png in Resources */ = {isa = PBXBuildFile; fileRef = FB4E495C19F7F99100C715F4 /* Baelog13-0.png */; };
		FB4E49B419F7F99100C715F4 /* Baelog13-1.png in Resources */ = {isa = PBXBuildFile; fileRef = FB4E495D19F7F99100C715F4 /* Baelog13-1.png */; };
		FB4E49B519F7F99100C715F4 /* Baelog13-2.png in Resources */ = {isa = PBXBuildFile; fileRef = FB4E495E19F7F99100C715F4 /* Baelog13-2.png */; };
		FB4E49B619F7F99100C715F4 /* Baelog13-3.png in Resources */ = {isa = PBXBuildFile; fileRef = FB4E495F19F7F99100C715F4 /* Baelog13-3.png */; };
		FB4E49B719F7F99100C715F4 /* Baelog13-4.png in Resources */ = {isa = PBXBuildFile; fileRef = FB4E496019F7F99100C715F4 /* Baelog13-4.png */; };
		FB4E49B819F7F99100C715F4 /* Baelog13-5.png in Resources */ = {isa = PBXBuildFile; fileRef = FB4E496119F7F99100C715F4 /* Baelog13-5.png */; };
		FB4E49B919F7F99100C715F4 /* Baelog14-0.png in Resources */ = {isa = PBXBuildFile; fileRef = FB4E496219F7F99100C715F4 /* Baelog14-0.png */; };
		FB4E49BA19F7F99100C715F4 /* Baelog14-1.png in Resources */ = {isa = PBXBuildFile; fileRef = FB4E496319F7F99100C715F4 /* Baelog14-1.png */; };
		FB4E49BB19F7F99100C715F4 /* Baelog14-2.png in Resources */ = {isa = PBXBuildFile; fileRef = FB4E496419F7F99100C715F4 /* Baelog14-2.png */; };
		FB4E49BC19F7F99100C715F4 /* Baelog15-0.png in Resources */ = {isa = PBXBuildFile; fileRef = FB4E496519F7F99100C715F4 /* Baelog15-0.png */; };
		FB4E49BD19F7F99100C715F4 /* Baelog15-1.png in Resources */ = {isa = PBXBuildFile; fileRef = FB4E496619F7F99100C715F4 /* Baelog15-1.png */; };
		FB4E49BE19F7F99100C715F4 /* Baelog15-2.png in Resources */ = {isa = PBXBuildFile; fileRef = FB4E496719F7F99100C715F4 /* Baelog15-2.png */; };
		FB4E49BF19F7F99100C715F4 /* Baelog15-3.png in Resources */ = {isa = PBXBuildFile; fileRef = FB4E496819F7F99100C715F4 /* Baelog15-3.png */; };
		FB4E49C019F7F99100C715F4 /* Baelog15-4.png in Resources */ = {isa = PBXBuildFile; fileRef = FB4E496919F7F99100C715F4 /* Baelog15-4.png */; };
		FB4E49C119F7F99100C715F4 /* Baelog15-5.png in Resources */ = {isa = PBXBuildFile; fileRef = FB4E496A19F7F99100C715F4 /* Baelog15-5.png */; };
		FB4E49C219F7F99100C715F4 /* Baelog16-0.png in Resources */ = {isa = PBXBuildFile; fileRef = FB4E496B19F7F99100C715F4 /* Baelog16-0.png */; };
		FB4E49C319F7F99100C715F4 /* Baelog16-1.png in Resources */ = {isa = PBXBuildFile; fileRef = FB4E496C19F7F99100C715F4 /* Baelog16-1.png */; };
		FB4E49C419F7F99100C715F4 /* Baelog16-2.png in Resources */ = {isa = PBXBuildFile; fileRef = FB4E496D19F7F99100C715F4 /* Baelog16-2.png */; };
		FB4E49C519F7F99100C715F4 /* Baelog16-3.png in Resources */ = {isa = PBXBuildFile; fileRef = FB4E496E19F7F99100C715F4 /* Baelog16-3.png */; };
		FB4E49C619F7F99100C715F4 /* Baelog17-0.png in Resources */ = {isa = PBXBuildFile; fileRef = FB4E496F19F7F99100C715F4 /* Baelog17-0.png */; };
		FB4E49C719F7F99100C715F4 /* Baelog17-1.png in Resources */ = {isa = PBXBuildFile; fileRef = FB4E497019F7F99100C715F4 /* Baelog17-1.png */; };
		FB4E49C819F7F99100C715F4 /* Baelog17-2.png in Resources */ = {isa = PBXBuildFile; fileRef = FB4E497119F7F99100C715F4 /* Baelog17-2.png */; };
		FB4E49C919F7F99100C715F4 /* Baelog17-3.png in Resources */ = {isa = PBXBuildFile; fileRef = FB4E497219F7F99100C715F4 /* Baelog17-3.png */; };
		FB4E49CA19F7F99100C715F4 /* Baelog18-0.png in Resources */ = {isa = PBXBuildFile; fileRef = FB4E497319F7F99100C715F4 /* Baelog18-0.png */; };
		FB4E49CB19F7F99100C715F4 /* Baelog18-1.png in Resources */ = {isa = PBXBuildFile; fileRef = FB4E497419F7F99100C715F4 /* Baelog18-1.png */; };
		FB4E49CC19F7F99100C715F4 /* Baelog18-2.png in Resources */ = {isa = PBXBuildFile; fileRef = FB4E497519F7F99100C715F4 /* Baelog18-2.png */; };
		FB4E49CD19F7F99100C715F4 /* Baelog18-3.png in Resources */ = {isa = PBXBuildFile; fileRef = FB4E497619F7F99100C715F4 /* Baelog18-3.png */; };
		FB4E49CE19F7F99100C715F4 /* Baelog19-0.png in Resources */ = {isa = PBXBuildFile; fileRef = FB4E497719F7F99100C715F4 /* Baelog19-0.png */; };
		FB4E49CF19F7F99100C715F4 /* Baelog19-1.png in Resources */ = {isa = PBXBuildFile; fileRef = FB4E497819F7F99100C715F4 /* Baelog19-1.png */; };
		FB4E49D019F7F99100C715F4 /* Baelog19-2.png in Resources */ = {isa = PBXBuildFile; fileRef = FB4E497919F7F99100C715F4 /* Baelog19-2.png */; };
		FB4E49D119F7F99100C715F4 /* Baelog20-0.png in Resources */ = {isa = PBXBuildFile; fileRef = FB4E497A19F7F99100C715F4 /* Baelog20-0.png */; };
		FB4E49D219F7F99100C715F4 /* Baelog20-1.png in Resources */ = {isa = PBXBuildFile; fileRef = FB4E497B19F7F99100C715F4 /* Baelog20-1.png */; };
		FB4E49D319F7F99100C715F4 /* Baelog20-2.png in Resources */ = {isa = PBXBuildFile; fileRef = FB4E497C19F7F99100C715F4 /* Baelog20-2.png */; };
		FB4E49E319F8018600C715F4 /* FirstLevel.m in Sources */ = {isa = PBXBuildFile; fileRef = FB4E49E219F8018600C715F4 /* FirstLevel.m */; };
		FBA76BD119F6F2FD0011AE2E /* bubble_soap.ttf in Resources */ = {isa = PBXBuildFile; fileRef = FBA76BD019F6F2FD0011AE2E /* bubble_soap.ttf */; };
		FBB8E4CD19F5446200A482A3 /* Foundation.framework in Frameworks */ = {isa = PBXBuildFile; fileRef = FBB8E4CC19F5446200A482A3 /* Foundation.framework */; };
		FBB8E4CF19F5446200A482A3 /* CoreGraphics.framework in Frameworks */ = {isa = PBXBuildFile; fileRef = FBB8E4CE19F5446200A482A3 /* CoreGraphics.framework */; };
		FBB8E4D119F5446200A482A3 /* UIKit.framework in Frameworks */ = {isa = PBXBuildFile; fileRef = FBB8E4D019F5446200A482A3 /* UIKit.framework */; };
		FBB8E4D319F5446200A482A3 /* SpriteKit.framework in Frameworks */ = {isa = PBXBuildFile; fileRef = FBB8E4D219F5446200A482A3 /* SpriteKit.framework */; };
		FBB8E4D919F5446200A482A3 /* InfoPlist.strings in Resources */ = {isa = PBXBuildFile; fileRef = FBB8E4D719F5446200A482A3 /* InfoPlist.strings */; };
		FBB8E4DB19F5446200A482A3 /* main.m in Sources */ = {isa = PBXBuildFile; fileRef = FBB8E4DA19F5446200A482A3 /* main.m */; };
		FBB8E4DF19F5446200A482A3 /* AppDelegate.m in Sources */ = {isa = PBXBuildFile; fileRef = FBB8E4DE19F5446200A482A3 /* AppDelegate.m */; };
		FBB8E4E219F5446200A482A3 /* Main.storyboard in Resources */ = {isa = PBXBuildFile; fileRef = FBB8E4E019F5446200A482A3 /* Main.storyboard */; };
		FBB8E4E519F5446200A482A3 /* ViewController.m in Sources */ = {isa = PBXBuildFile; fileRef = FBB8E4E419F5446200A482A3 /* ViewController.m */; };
		FBB8E4E819F5446200A482A3 /* MyScene.m in Sources */ = {isa = PBXBuildFile; fileRef = FBB8E4E719F5446200A482A3 /* MyScene.m */; };
		FBB8E4EA19F5446200A482A3 /* Spaceship.png in Resources */ = {isa = PBXBuildFile; fileRef = FBB8E4E919F5446200A482A3 /* Spaceship.png */; };
		FBB8E4EC19F5446200A482A3 /* Images.xcassets in Resources */ = {isa = PBXBuildFile; fileRef = FBB8E4EB19F5446200A482A3 /* Images.xcassets */; };
		FBB8E4F319F5446200A482A3 /* XCTest.framework in Frameworks */ = {isa = PBXBuildFile; fileRef = FBB8E4F219F5446200A482A3 /* XCTest.framework */; };
		FBB8E4F419F5446200A482A3 /* Foundation.framework in Frameworks */ = {isa = PBXBuildFile; fileRef = FBB8E4CC19F5446200A482A3 /* Foundation.framework */; };
		FBB8E4F519F5446200A482A3 /* UIKit.framework in Frameworks */ = {isa = PBXBuildFile; fileRef = FBB8E4D019F5446200A482A3 /* UIKit.framework */; };
		FBB8E4FD19F5446200A482A3 /* InfoPlist.strings in Resources */ = {isa = PBXBuildFile; fileRef = FBB8E4FB19F5446200A482A3 /* InfoPlist.strings */; };
		FBB8E4FF19F5446200A482A3 /* Viking_MadnessTests.m in Sources */ = {isa = PBXBuildFile; fileRef = FBB8E4FE19F5446200A482A3 /* Viking_MadnessTests.m */; };
		FBB8E50A19F5470200A482A3 /* mainMenu.old.png in Resources */ = {isa = PBXBuildFile; fileRef = FBB8E50919F5470200A482A3 /* mainMenu.old.png */; };
		FBB8E50D19F54C9A00A482A3 /* logo.old.png in Resources */ = {isa = PBXBuildFile; fileRef = FBB8E50C19F54C9A00A482A3 /* logo.old.png */; };
		FBB8E50F19F5566200A482A3 /* signButton.png in Resources */ = {isa = PBXBuildFile; fileRef = FBB8E50E19F5566200A482A3 /* signButton.png */; };
/* End PBXBuildFile section */

/* Begin PBXContainerItemProxy section */
		FBB8E4F619F5446200A482A3 /* PBXContainerItemProxy */ = {
			isa = PBXContainerItemProxy;
			containerPortal = FBB8E4C119F5446200A482A3 /* Project object */;
			proxyType = 1;
			remoteGlobalIDString = FBB8E4C819F5446200A482A3;
			remoteInfo = "Viking Madness";
		};
/* End PBXContainerItemProxy section */

/* Begin PBXFileReference section */
		DF9157231A006B5A00B89BFF /* logo.png */ = {isa = PBXFileReference; lastKnownFileType = image.png; path = logo.png; sourceTree = "<group>"; };
		DF9157251A006B6600B89BFF /* mainMenu.png */ = {isa = PBXFileReference; lastKnownFileType = image.png; path = mainMenu.png; sourceTree = "<group>"; };
		DFAB52A51A01BF1B00914D0E /* Knight_Slash_1.png */ = {isa = PBXFileReference; lastKnownFileType = image.png; path = Knight_Slash_1.png; sourceTree = "<group>"; };
		DFAB52A61A01BF1B00914D0E /* Knight_Slash_10.png */ = {isa = PBXFileReference; lastKnownFileType = image.png; path = Knight_Slash_10.png; sourceTree = "<group>"; };
		DFAB52A71A01BF1B00914D0E /* Knight_Slash_11.png */ = {isa = PBXFileReference; lastKnownFileType = image.png; path = Knight_Slash_11.png; sourceTree = "<group>"; };
		DFAB52A81A01BF1B00914D0E /* Knight_Slash_12.png */ = {isa = PBXFileReference; lastKnownFileType = image.png; path = Knight_Slash_12.png; sourceTree = "<group>"; };
		DFAB52AA1A01BF1B00914D0E /* Knight_Slash_2.png */ = {isa = PBXFileReference; lastKnownFileType = image.png; path = Knight_Slash_2.png; sourceTree = "<group>"; };
		DFAB52AB1A01BF1B00914D0E /* Knight_Slash_3.png */ = {isa = PBXFileReference; lastKnownFileType = image.png; path = Knight_Slash_3.png; sourceTree = "<group>"; };
		DFAB52AC1A01BF1B00914D0E /* Knight_Slash_4.png */ = {isa = PBXFileReference; lastKnownFileType = image.png; path = Knight_Slash_4.png; sourceTree = "<group>"; };
		DFAB52AD1A01BF1B00914D0E /* Knight_Slash_5.png */ = {isa = PBXFileReference; lastKnownFileType = image.png; path = Knight_Slash_5.png; sourceTree = "<group>"; };
		DFAB52AE1A01BF1B00914D0E /* Knight_Slash_6.png */ = {isa = PBXFileReference; lastKnownFileType = image.png; path = Knight_Slash_6.png; sourceTree = "<group>"; };
		DFAB52AF1A01BF1B00914D0E /* Knight_Slash_7.png */ = {isa = PBXFileReference; lastKnownFileType = image.png; path = Knight_Slash_7.png; sourceTree = "<group>"; };
		DFAB52B01A01BF1B00914D0E /* Knight_Slash_8.png */ = {isa = PBXFileReference; lastKnownFileType = image.png; path = Knight_Slash_8.png; sourceTree = "<group>"; };
		DFAB52B11A01BF1B00914D0E /* Knight_Slash_9.png */ = {isa = PBXFileReference; lastKnownFileType = image.png; path = Knight_Slash_9.png; sourceTree = "<group>"; };
		DFAB52B31A01BF1B00914D0E /* Knight_SSlash_0.psd */ = {isa = PBXFileReference; lastKnownFileType = file; path = Knight_SSlash_0.psd; sourceTree = "<group>"; };
		DFAB52B41A01BF1B00914D0E /* Knight_SSlash_1.png */ = {isa = PBXFileReference; lastKnownFileType = image.png; path = Knight_SSlash_1.png; sourceTree = "<group>"; };
		DFAB52B51A01BF1B00914D0E /* Knight_SSlash_10.png */ = {isa = PBXFileReference; lastKnownFileType = image.png; path = Knight_SSlash_10.png; sourceTree = "<group>"; };
		DFAB52B61A01BF1B00914D0E /* Knight_SSlash_11.png */ = {isa = PBXFileReference; lastKnownFileType = image.png; path = Knight_SSlash_11.png; sourceTree = "<group>"; };
		DFAB52B71A01BF1C00914D0E /* Knight_SSlash_12.png */ = {isa = PBXFileReference; lastKnownFileType = image.png; path = Knight_SSlash_12.png; sourceTree = "<group>"; };
		DFAB52B81A01BF1C00914D0E /* Knight_SSlash_13.png */ = {isa = PBXFileReference; lastKnownFileType = image.png; path = Knight_SSlash_13.png; sourceTree = "<group>"; };
		DFAB52B91A01BF1C00914D0E /* Knight_SSlash_2.png */ = {isa = PBXFileReference; lastKnownFileType = image.png; path = Knight_SSlash_2.png; sourceTree = "<group>"; };
		DFAB52BA1A01BF1C00914D0E /* Knight_SSlash_3.png */ = {isa = PBXFileReference; lastKnownFileType = image.png; path = Knight_SSlash_3.png; sourceTree = "<group>"; };
		DFAB52BB1A01BF1C00914D0E /* Knight_SSlash_4.png */ = {isa = PBXFileReference; lastKnownFileType = image.png; path = Knight_SSlash_4.png; sourceTree = "<group>"; };
		DFAB52BC1A01BF1C00914D0E /* Knight_SSlash_5.png */ = {isa = PBXFileReference; lastKnownFileType = image.png; path = Knight_SSlash_5.png; sourceTree = "<group>"; };
		DFAB52BD1A01BF1C00914D0E /* Knight_SSlash_6.png */ = {isa = PBXFileReference; lastKnownFileType = image.png; path = Knight_SSlash_6.png; sourceTree = "<group>"; };
		DFAB52BE1A01BF1C00914D0E /* Knight_SSlash_7.png */ = {isa = PBXFileReference; lastKnownFileType = image.png; path = Knight_SSlash_7.png; sourceTree = "<group>"; };
		DFAB52BF1A01BF1C00914D0E /* Knight_SSlash_8.png */ = {isa = PBXFileReference; lastKnownFileType = image.png; path = Knight_SSlash_8.png; sourceTree = "<group>"; };
		DFAB52C01A01BF1C00914D0E /* Knight_SSlash_9.png */ = {isa = PBXFileReference; lastKnownFileType = image.png; path = Knight_SSlash_9.png; sourceTree = "<group>"; };
		DFAB52C21A01BF1C00914D0E /* Knight_SSlash_00.png */ = {isa = PBXFileReference; lastKnownFileType = image.png; path = Knight_SSlash_00.png; sourceTree = "<group>"; };
		DFAB52C31A01BF1C00914D0E /* Knight_SSlash_01.png */ = {isa = PBXFileReference; lastKnownFileType = image.png; path = Knight_SSlash_01.png; sourceTree = "<group>"; };
		DFAB52C41A01BF1C00914D0E /* Knight_SSlash_02.png */ = {isa = PBXFileReference; lastKnownFileType = image.png; path = Knight_SSlash_02.png; sourceTree = "<group>"; };
		DFAB52C51A01BF1C00914D0E /* Knight_SSlash_03.png */ = {isa = PBXFileReference; lastKnownFileType = image.png; path = Knight_SSlash_03.png; sourceTree = "<group>"; };
		DFAB52C61A01BF1C00914D0E /* Knight_SSlash_04.png */ = {isa = PBXFileReference; lastKnownFileType = image.png; path = Knight_SSlash_04.png; sourceTree = "<group>"; };
		DFAB52C71A01BF1C00914D0E /* Knight_SSlash_05.png */ = {isa = PBXFileReference; lastKnownFileType = image.png; path = Knight_SSlash_05.png; sourceTree = "<group>"; };
		DFAB52C81A01BF1C00914D0E /* Knight_SSlash_06.png */ = {isa = PBXFileReference; lastKnownFileType = image.png; path = Knight_SSlash_06.png; sourceTree = "<group>"; };
		DFAB52C91A01BF1C00914D0E /* Knight_SSlash_07.png */ = {isa = PBXFileReference; lastKnownFileType = image.png; path = Knight_SSlash_07.png; sourceTree = "<group>"; };
		DFAB52CA1A01BF1C00914D0E /* Knight_SSlash_08.png */ = {isa = PBXFileReference; lastKnownFileType = image.png; path = Knight_SSlash_08.png; sourceTree = "<group>"; };
		DFAB52CB1A01BF1C00914D0E /* Knight_SSlash_09.png */ = {isa = PBXFileReference; lastKnownFileType = image.png; path = Knight_SSlash_09.png; sourceTree = "<group>"; };
		DFAB52CC1A01BF1C00914D0E /* Knight_SSlash_10.png */ = {isa = PBXFileReference; lastKnownFileType = image.png; path = Knight_SSlash_10.png; sourceTree = "<group>"; };
		DFAB52CD1A01BF1C00914D0E /* Knight_SSlash_11.png */ = {isa = PBXFileReference; lastKnownFileType = image.png; path = Knight_SSlash_11.png; sourceTree = "<group>"; };
		DFAB52D01A01BF1C00914D0E /* Knight_Walk_0.png */ = {isa = PBXFileReference; lastKnownFileType = image.png; path = Knight_Walk_0.png; sourceTree = "<group>"; };
		DFAB52D11A01BF1C00914D0E /* Knight_Walk_1.png */ = {isa = PBXFileReference; lastKnownFileType = image.png; path = Knight_Walk_1.png; sourceTree = "<group>"; };
		DFAB52D21A01BF1C00914D0E /* Knight_Walk_10.png */ = {isa = PBXFileReference; lastKnownFileType = image.png; path = Knight_Walk_10.png; sourceTree = "<group>"; };
		DFAB52D31A01BF1C00914D0E /* Knight_Walk_11.png */ = {isa = PBXFileReference; lastKnownFileType = image.png; path = Knight_Walk_11.png; sourceTree = "<group>"; };
		DFAB52D41A01BF1C00914D0E /* Knight_Walk_12.png */ = {isa = PBXFileReference; lastKnownFileType = image.png; path = Knight_Walk_12.png; sourceTree = "<group>"; };
		DFAB52D51A01BF1C00914D0E /* Knight_Walk_13.png */ = {isa = PBXFileReference; lastKnownFileType = image.png; path = Knight_Walk_13.png; sourceTree = "<group>"; };
		DFAB52D61A01BF1C00914D0E /* Knight_Walk_14.png */ = {isa = PBXFileReference; lastKnownFileType = image.png; path = Knight_Walk_14.png; sourceTree = "<group>"; };
		DFAB52D71A01BF1C00914D0E /* Knight_Walk_15.png */ = {isa = PBXFileReference; lastKnownFileType = image.png; path = Knight_Walk_15.png; sourceTree = "<group>"; };
		DFAB52D81A01BF1C00914D0E /* Knight_Walk_16.png */ = {isa = PBXFileReference; lastKnownFileType = image.png; path = Knight_Walk_16.png; sourceTree = "<group>"; };
		DFAB52D91A01BF1C00914D0E /* Knight_Walk_17.png */ = {isa = PBXFileReference; lastKnownFileType = image.png; path = Knight_Walk_17.png; sourceTree = "<group>"; };
		DFAB52DB1A01BF1C00914D0E /* Knight_Walk_2.png */ = {isa = PBXFileReference; lastKnownFileType = image.png; path = Knight_Walk_2.png; sourceTree = "<group>"; };
		DFAB52DC1A01BF1C00914D0E /* Knight_Walk_3.png */ = {isa = PBXFileReference; lastKnownFileType = image.png; path = Knight_Walk_3.png; sourceTree = "<group>"; };
		DFAB52DD1A01BF1C00914D0E /* Knight_Walk_4.png */ = {isa = PBXFileReference; lastKnownFileType = image.png; path = Knight_Walk_4.png; sourceTree = "<group>"; };
		DFAB52DE1A01BF1C00914D0E /* Knight_Walk_5.png */ = {isa = PBXFileReference; lastKnownFileType = image.png; path = Knight_Walk_5.png; sourceTree = "<group>"; };
		DFAB52DF1A01BF1C00914D0E /* Knight_Walk_6.png */ = {isa = PBXFileReference; lastKnownFileType = image.png; path = Knight_Walk_6.png; sourceTree = "<group>"; };
		DFAB52E01A01BF1C00914D0E /* Knight_Walk_7.png */ = {isa = PBXFileReference; lastKnownFileType = image.png; path = Knight_Walk_7.png; sourceTree = "<group>"; };
		DFAB52E11A01BF1C00914D0E /* Knight_Walk_8.png */ = {isa = PBXFileReference; lastKnownFileType = image.png; path = Knight_Walk_8.png; sourceTree = "<group>"; };
		DFAB52E21A01BF1C00914D0E /* Knight_Walk_9.png */ = {isa = PBXFileReference; lastKnownFileType = image.png; path = Knight_Walk_9.png; sourceTree = "<group>"; };
		DFDACC871A017DC900F550CF /* Knight.h */ = {isa = PBXFileReference; fileEncoding = 4; lastKnownFileType = sourcecode.c.h; path = Knight.h; sourceTree = "<group>"; };
		DFDACC881A017DC900F550CF /* Knight.m */ = {isa = PBXFileReference; fileEncoding = 4; lastKnownFileType = sourcecode.c.objc; path = Knight.m; sourceTree = "<group>"; };
		FB1EECC01A024B5000BA714F /* down.png */ = {isa = PBXFileReference; lastKnownFileType = image.png; path = down.png; sourceTree = "<group>"; };
		FB1EECC11A024B5000BA714F /* left.png */ = {isa = PBXFileReference; lastKnownFileType = image.png; path = left.png; sourceTree = "<group>"; };
		FB1EECC21A024B5000BA714F /* right.png */ = {isa = PBXFileReference; lastKnownFileType = image.png; path = right.png; sourceTree = "<group>"; };
		FB1EECC31A024B5000BA714F /* up.png */ = {isa = PBXFileReference; lastKnownFileType = image.png; path = up.png; sourceTree = "<group>"; };
		FB4E490F19F7F7BE00C715F4 /* Entity.h */ = {isa = PBXFileReference; fileEncoding = 4; lastKnownFileType = sourcecode.c.h; path = Entity.h; sourceTree = "<group>"; };
		FB4E491019F7F7BE00C715F4 /* Entity.m */ = {isa = PBXFileReference; fileEncoding = 4; lastKnownFileType = sourcecode.c.objc; path = Entity.m; sourceTree = "<group>"; };
		FB4E491219F7F85A00C715F4 /* Baelog.h */ = {isa = PBXFileReference; fileEncoding = 4; lastKnownFileType = sourcecode.c.h; path = Baelog.h; sourceTree = "<group>"; };
		FB4E491319F7F85A00C715F4 /* Baelog.m */ = {isa = PBXFileReference; fileEncoding = 4; lastKnownFileType = sourcecode.c.objc; path = Baelog.m; sourceTree = "<group>"; };
		FB4E491619F7F89200C715F4 /* SKAction+SKTExtras.h */ = {isa = PBXFileReference; fileEncoding = 4; lastKnownFileType = sourcecode.c.h; path = "SKAction+SKTExtras.h"; sourceTree = "<group>"; };
		FB4E491719F7F89200C715F4 /* SKAction+SKTExtras.m */ = {isa = PBXFileReference; fileEncoding = 4; lastKnownFileType = sourcecode.c.objc; path = "SKAction+SKTExtras.m"; sourceTree = "<group>"; };
		FB4E491819F7F89200C715F4 /* SKEmitterNode+SKTExtras.h */ = {isa = PBXFileReference; fileEncoding = 4; lastKnownFileType = sourcecode.c.h; path = "SKEmitterNode+SKTExtras.h"; sourceTree = "<group>"; };
		FB4E491919F7F89200C715F4 /* SKEmitterNode+SKTExtras.m */ = {isa = PBXFileReference; fileEncoding = 4; lastKnownFileType = sourcecode.c.objc; path = "SKEmitterNode+SKTExtras.m"; sourceTree = "<group>"; };
		FB4E491A19F7F89200C715F4 /* SKNode+SKTExtras.h */ = {isa = PBXFileReference; fileEncoding = 4; lastKnownFileType = sourcecode.c.h; path = "SKNode+SKTExtras.h"; sourceTree = "<group>"; };
		FB4E491B19F7F89200C715F4 /* SKNode+SKTExtras.m */ = {isa = PBXFileReference; fileEncoding = 4; lastKnownFileType = sourcecode.c.objc; path = "SKNode+SKTExtras.m"; sourceTree = "<group>"; };
		FB4E491C19F7F89200C715F4 /* SKTAudio.h */ = {isa = PBXFileReference; fileEncoding = 4; lastKnownFileType = sourcecode.c.h; path = SKTAudio.h; sourceTree = "<group>"; };
		FB4E491D19F7F89200C715F4 /* SKTAudio.m */ = {isa = PBXFileReference; fileEncoding = 4; lastKnownFileType = sourcecode.c.objc; path = SKTAudio.m; sourceTree = "<group>"; };
		FB4E491E19F7F89200C715F4 /* SKTUtils.h */ = {isa = PBXFileReference; fileEncoding = 4; lastKnownFileType = sourcecode.c.h; path = SKTUtils.h; sourceTree = "<group>"; };
		FB4E491F19F7F89200C715F4 /* SKTUtils.mm */ = {isa = PBXFileReference; fileEncoding = 4; lastKnownFileType = sourcecode.cpp.objcpp; path = SKTUtils.mm; sourceTree = "<group>"; };
		FB4E492619F7F99100C715F4 /* Baelog-0-0.png */ = {isa = PBXFileReference; lastKnownFileType = image.png; path = "Baelog-0-0.png"; sourceTree = "<group>"; };
		FB4E492719F7F99100C715F4 /* Baelog-0-1.png */ = {isa = PBXFileReference; lastKnownFileType = image.png; path = "Baelog-0-1.png"; sourceTree = "<group>"; };
		FB4E492819F7F99100C715F4 /* Baelog-0-2.png */ = {isa = PBXFileReference; lastKnownFileType = image.png; path = "Baelog-0-2.png"; sourceTree = "<group>"; };
		FB4E492919F7F99100C715F4 /* Baelog-0-3.png */ = {isa = PBXFileReference; lastKnownFileType = image.png; path = "Baelog-0-3.png"; sourceTree = "<group>"; };
		FB4E492A19F7F99100C715F4 /* Baelog-0-4.png */ = {isa = PBXFileReference; lastKnownFileType = image.png; path = "Baelog-0-4.png"; sourceTree = "<group>"; };
		FB4E492B19F7F99100C715F4 /* Baelog-0-5.png */ = {isa = PBXFileReference; lastKnownFileType = image.png; path = "Baelog-0-5.png"; sourceTree = "<group>"; };
		FB4E492C19F7F99100C715F4 /* Baelog-0-6.png */ = {isa = PBXFileReference; lastKnownFileType = image.png; path = "Baelog-0-6.png"; sourceTree = "<group>"; };
		FB4E492D19F7F99100C715F4 /* Baelog-0-7.png */ = {isa = PBXFileReference; lastKnownFileType = image.png; path = "Baelog-0-7.png"; sourceTree = "<group>"; };
		FB4E492E19F7F99100C715F4 /* Baelog-1-0.png */ = {isa = PBXFileReference; lastKnownFileType = image.png; path = "Baelog-1-0.png"; sourceTree = "<group>"; };
		FB4E492F19F7F99100C715F4 /* Baelog-1-1.png */ = {isa = PBXFileReference; lastKnownFileType = image.png; path = "Baelog-1-1.png"; sourceTree = "<group>"; };
		FB4E493019F7F99100C715F4 /* Baelog-1-2.png */ = {isa = PBXFileReference; lastKnownFileType = image.png; path = "Baelog-1-2.png"; sourceTree = "<group>"; };
		FB4E493119F7F99100C715F4 /* Baelog-1-3.png */ = {isa = PBXFileReference; lastKnownFileType = image.png; path = "Baelog-1-3.png"; sourceTree = "<group>"; };
		FB4E493219F7F99100C715F4 /* Baelog-1-4.png */ = {isa = PBXFileReference; lastKnownFileType = image.png; path = "Baelog-1-4.png"; sourceTree = "<group>"; };
		FB4E493319F7F99100C715F4 /* Baelog-1-5.png */ = {isa = PBXFileReference; lastKnownFileType = image.png; path = "Baelog-1-5.png"; sourceTree = "<group>"; };
		FB4E493419F7F99100C715F4 /* Baelog-2-0.png */ = {isa = PBXFileReference; lastKnownFileType = image.png; path = "Baelog-2-0.png"; sourceTree = "<group>"; };
		FB4E493519F7F99100C715F4 /* Baelog-2-1.png */ = {isa = PBXFileReference; lastKnownFileType = image.png; path = "Baelog-2-1.png"; sourceTree = "<group>"; };
		FB4E493619F7F99100C715F4 /* Baelog-3-0.png */ = {isa = PBXFileReference; lastKnownFileType = image.png; path = "Baelog-3-0.png"; sourceTree = "<group>"; };
		FB4E493719F7F99100C715F4 /* Baelog-3-1.png */ = {isa = PBXFileReference; lastKnownFileType = image.png; path = "Baelog-3-1.png"; sourceTree = "<group>"; };
		FB4E493819F7F99100C715F4 /* Baelog-4-0.png */ = {isa = PBXFileReference; lastKnownFileType = image.png; path = "Baelog-4-0.png"; sourceTree = "<group>"; };
		FB4E493919F7F99100C715F4 /* Baelog-4-1.png */ = {isa = PBXFileReference; lastKnownFileType = image.png; path = "Baelog-4-1.png"; sourceTree = "<group>"; };
		FB4E493A19F7F99100C715F4 /* Baelog-4-2.png */ = {isa = PBXFileReference; lastKnownFileType = image.png; path = "Baelog-4-2.png"; sourceTree = "<group>"; };
		FB4E493B19F7F99100C715F4 /* Baelog-4-3.png */ = {isa = PBXFileReference; lastKnownFileType = image.png; path = "Baelog-4-3.png"; sourceTree = "<group>"; };
		FB4E493C19F7F99100C715F4 /* Baelog-4-4.png */ = {isa = PBXFileReference; lastKnownFileType = image.png; path = "Baelog-4-4.png"; sourceTree = "<group>"; };
		FB4E493D19F7F99100C715F4 /* Baelog-4-5.png */ = {isa = PBXFileReference; lastKnownFileType = image.png; path = "Baelog-4-5.png"; sourceTree = "<group>"; };
		FB4E493E19F7F99100C715F4 /* Baelog-5-0.png */ = {isa = PBXFileReference; lastKnownFileType = image.png; path = "Baelog-5-0.png"; sourceTree = "<group>"; };
		FB4E493F19F7F99100C715F4 /* Baelog-5-1.png */ = {isa = PBXFileReference; lastKnownFileType = image.png; path = "Baelog-5-1.png"; sourceTree = "<group>"; };
		FB4E494019F7F99100C715F4 /* Baelog-5-2.png */ = {isa = PBXFileReference; lastKnownFileType = image.png; path = "Baelog-5-2.png"; sourceTree = "<group>"; };
		FB4E494119F7F99100C715F4 /* Baelog-5-3.png */ = {isa = PBXFileReference; lastKnownFileType = image.png; path = "Baelog-5-3.png"; sourceTree = "<group>"; };
		FB4E494219F7F99100C715F4 /* Baelog-6-0.png */ = {isa = PBXFileReference; lastKnownFileType = image.png; path = "Baelog-6-0.png"; sourceTree = "<group>"; };
		FB4E494319F7F99100C715F4 /* Baelog-6-1.png */ = {isa = PBXFileReference; lastKnownFileType = image.png; path = "Baelog-6-1.png"; sourceTree = "<group>"; };
		FB4E494419F7F99100C715F4 /* Baelog-7-0.png */ = {isa = PBXFileReference; lastKnownFileType = image.png; path = "Baelog-7-0.png"; sourceTree = "<group>"; };
		FB4E494519F7F99100C715F4 /* Baelog-7-1.png */ = {isa = PBXFileReference; lastKnownFileType = image.png; path = "Baelog-7-1.png"; sourceTree = "<group>"; };
		FB4E494619F7F99100C715F4 /* Baelog-7-2.png */ = {isa = PBXFileReference; lastKnownFileType = image.png; path = "Baelog-7-2.png"; sourceTree = "<group>"; };
		FB4E494719F7F99100C715F4 /* Baelog-8-0.png */ = {isa = PBXFileReference; lastKnownFileType = image.png; path = "Baelog-8-0.png"; sourceTree = "<group>"; };
		FB4E494819F7F99100C715F4 /* Baelog-8-1.png */ = {isa = PBXFileReference; lastKnownFileType = image.png; path = "Baelog-8-1.png"; sourceTree = "<group>"; };
		FB4E494919F7F99100C715F4 /* Baelog-8-2.png */ = {isa = PBXFileReference; lastKnownFileType = image.png; path = "Baelog-8-2.png"; sourceTree = "<group>"; };
		FB4E494A19F7F99100C715F4 /* Baelog-8-3.png */ = {isa = PBXFileReference; lastKnownFileType = image.png; path = "Baelog-8-3.png"; sourceTree = "<group>"; };
		FB4E494B19F7F99100C715F4 /* Baelog-9-0.png */ = {isa = PBXFileReference; lastKnownFileType = image.png; path = "Baelog-9-0.png"; sourceTree = "<group>"; };
		FB4E494C19F7F99100C715F4 /* Baelog-9-1.png */ = {isa = PBXFileReference; lastKnownFileType = image.png; path = "Baelog-9-1.png"; sourceTree = "<group>"; };
		FB4E494D19F7F99100C715F4 /* Baelog-9-2.png */ = {isa = PBXFileReference; lastKnownFileType = image.png; path = "Baelog-9-2.png"; sourceTree = "<group>"; };
		FB4E494E19F7F99100C715F4 /* Baelog-9-3.png */ = {isa = PBXFileReference; lastKnownFileType = image.png; path = "Baelog-9-3.png"; sourceTree = "<group>"; };
		FB4E494F19F7F99100C715F4 /* Baelog10-0.png */ = {isa = PBXFileReference; lastKnownFileType = image.png; path = "Baelog10-0.png"; sourceTree = "<group>"; };
		FB4E495019F7F99100C715F4 /* Baelog10-1.png */ = {isa = PBXFileReference; lastKnownFileType = image.png; path = "Baelog10-1.png"; sourceTree = "<group>"; };
		FB4E495119F7F99100C715F4 /* Baelog11-0.png */ = {isa = PBXFileReference; lastKnownFileType = image.png; path = "Baelog11-0.png"; sourceTree = "<group>"; };
		FB4E495219F7F99100C715F4 /* Baelog11-1.png */ = {isa = PBXFileReference; lastKnownFileType = image.png; path = "Baelog11-1.png"; sourceTree = "<group>"; };
		FB4E495319F7F99100C715F4 /* Baelog11-2.png */ = {isa = PBXFileReference; lastKnownFileType = image.png; path = "Baelog11-2.png"; sourceTree = "<group>"; };
		FB4E495419F7F99100C715F4 /* Baelog11-3.png */ = {isa = PBXFileReference; lastKnownFileType = image.png; path = "Baelog11-3.png"; sourceTree = "<group>"; };
		FB4E495519F7F99100C715F4 /* Baelog11-4.png */ = {isa = PBXFileReference; lastKnownFileType = image.png; path = "Baelog11-4.png"; sourceTree = "<group>"; };
		FB4E495619F7F99100C715F4 /* Baelog11-5.png */ = {isa = PBXFileReference; lastKnownFileType = image.png; path = "Baelog11-5.png"; sourceTree = "<group>"; };
		FB4E495719F7F99100C715F4 /* Baelog11-6.png */ = {isa = PBXFileReference; lastKnownFileType = image.png; path = "Baelog11-6.png"; sourceTree = "<group>"; };
		FB4E495819F7F99100C715F4 /* Baelog11-7.png */ = {isa = PBXFileReference; lastKnownFileType = image.png; path = "Baelog11-7.png"; sourceTree = "<group>"; };
		FB4E495919F7F99100C715F4 /* Baelog12-0.png */ = {isa = PBXFileReference; lastKnownFileType = image.png; path = "Baelog12-0.png"; sourceTree = "<group>"; };
		FB4E495A19F7F99100C715F4 /* Baelog12-1.png */ = {isa = PBXFileReference; lastKnownFileType = image.png; path = "Baelog12-1.png"; sourceTree = "<group>"; };
		FB4E495B19F7F99100C715F4 /* Baelog12-2.png */ = {isa = PBXFileReference; lastKnownFileType = image.png; path = "Baelog12-2.png"; sourceTree = "<group>"; };
		FB4E495C19F7F99100C715F4 /* Baelog13-0.png */ = {isa = PBXFileReference; lastKnownFileType = image.png; path = "Baelog13-0.png"; sourceTree = "<group>"; };
		FB4E495D19F7F99100C715F4 /* Baelog13-1.png */ = {isa = PBXFileReference; lastKnownFileType = image.png; path = "Baelog13-1.png"; sourceTree = "<group>"; };
		FB4E495E19F7F99100C715F4 /* Baelog13-2.png */ = {isa = PBXFileReference; lastKnownFileType = image.png; path = "Baelog13-2.png"; sourceTree = "<group>"; };
		FB4E495F19F7F99100C715F4 /* Baelog13-3.png */ = {isa = PBXFileReference; lastKnownFileType = image.png; path = "Baelog13-3.png"; sourceTree = "<group>"; };
		FB4E496019F7F99100C715F4 /* Baelog13-4.png */ = {isa = PBXFileReference; lastKnownFileType = image.png; path = "Baelog13-4.png"; sourceTree = "<group>"; };
		FB4E496119F7F99100C715F4 /* Baelog13-5.png */ = {isa = PBXFileReference; lastKnownFileType = image.png; path = "Baelog13-5.png"; sourceTree = "<group>"; };
		FB4E496219F7F99100C715F4 /* Baelog14-0.png */ = {isa = PBXFileReference; lastKnownFileType = image.png; path = "Baelog14-0.png"; sourceTree = "<group>"; };
		FB4E496319F7F99100C715F4 /* Baelog14-1.png */ = {isa = PBXFileReference; lastKnownFileType = image.png; path = "Baelog14-1.png"; sourceTree = "<group>"; };
		FB4E496419F7F99100C715F4 /* Baelog14-2.png */ = {isa = PBXFileReference; lastKnownFileType = image.png; path = "Baelog14-2.png"; sourceTree = "<group>"; };
		FB4E496519F7F99100C715F4 /* Baelog15-0.png */ = {isa = PBXFileReference; lastKnownFileType = image.png; path = "Baelog15-0.png"; sourceTree = "<group>"; };
		FB4E496619F7F99100C715F4 /* Baelog15-1.png */ = {isa = PBXFileReference; lastKnownFileType = image.png; path = "Baelog15-1.png"; sourceTree = "<group>"; };
		FB4E496719F7F99100C715F4 /* Baelog15-2.png */ = {isa = PBXFileReference; lastKnownFileType = image.png; path = "Baelog15-2.png"; sourceTree = "<group>"; };
		FB4E496819F7F99100C715F4 /* Baelog15-3.png */ = {isa = PBXFileReference; lastKnownFileType = image.png; path = "Baelog15-3.png"; sourceTree = "<group>"; };
		FB4E496919F7F99100C715F4 /* Baelog15-4.png */ = {isa = PBXFileReference; lastKnownFileType = image.png; path = "Baelog15-4.png"; sourceTree = "<group>"; };
		FB4E496A19F7F99100C715F4 /* Baelog15-5.png */ = {isa = PBXFileReference; lastKnownFileType = image.png; path = "Baelog15-5.png"; sourceTree = "<group>"; };
		FB4E496B19F7F99100C715F4 /* Baelog16-0.png */ = {isa = PBXFileReference; lastKnownFileType = image.png; path = "Baelog16-0.png"; sourceTree = "<group>"; };
		FB4E496C19F7F99100C715F4 /* Baelog16-1.png */ = {isa = PBXFileReference; lastKnownFileType = image.png; path = "Baelog16-1.png"; sourceTree = "<group>"; };
		FB4E496D19F7F99100C715F4 /* Baelog16-2.png */ = {isa = PBXFileReference; lastKnownFileType = image.png; path = "Baelog16-2.png"; sourceTree = "<group>"; };
		FB4E496E19F7F99100C715F4 /* Baelog16-3.png */ = {isa = PBXFileReference; lastKnownFileType = image.png; path = "Baelog16-3.png"; sourceTree = "<group>"; };
		FB4E496F19F7F99100C715F4 /* Baelog17-0.png */ = {isa = PBXFileReference; lastKnownFileType = image.png; path = "Baelog17-0.png"; sourceTree = "<group>"; };
		FB4E497019F7F99100C715F4 /* Baelog17-1.png */ = {isa = PBXFileReference; lastKnownFileType = image.png; path = "Baelog17-1.png"; sourceTree = "<group>"; };
		FB4E497119F7F99100C715F4 /* Baelog17-2.png */ = {isa = PBXFileReference; lastKnownFileType = image.png; path = "Baelog17-2.png"; sourceTree = "<group>"; };
		FB4E497219F7F99100C715F4 /* Baelog17-3.png */ = {isa = PBXFileReference; lastKnownFileType = image.png; path = "Baelog17-3.png"; sourceTree = "<group>"; };
		FB4E497319F7F99100C715F4 /* Baelog18-0.png */ = {isa = PBXFileReference; lastKnownFileType = image.png; path = "Baelog18-0.png"; sourceTree = "<group>"; };
		FB4E497419F7F99100C715F4 /* Baelog18-1.png */ = {isa = PBXFileReference; lastKnownFileType = image.png; path = "Baelog18-1.png"; sourceTree = "<group>"; };
		FB4E497519F7F99100C715F4 /* Baelog18-2.png */ = {isa = PBXFileReference; lastKnownFileType = image.png; path = "Baelog18-2.png"; sourceTree = "<group>"; };
		FB4E497619F7F99100C715F4 /* Baelog18-3.png */ = {isa = PBXFileReference; lastKnownFileType = image.png; path = "Baelog18-3.png"; sourceTree = "<group>"; };
		FB4E497719F7F99100C715F4 /* Baelog19-0.png */ = {isa = PBXFileReference; lastKnownFileType = image.png; path = "Baelog19-0.png"; sourceTree = "<group>"; };
		FB4E497819F7F99100C715F4 /* Baelog19-1.png */ = {isa = PBXFileReference; lastKnownFileType = image.png; path = "Baelog19-1.png"; sourceTree = "<group>"; };
		FB4E497919F7F99100C715F4 /* Baelog19-2.png */ = {isa = PBXFileReference; lastKnownFileType = image.png; path = "Baelog19-2.png"; sourceTree = "<group>"; };
		FB4E497A19F7F99100C715F4 /* Baelog20-0.png */ = {isa = PBXFileReference; lastKnownFileType = image.png; path = "Baelog20-0.png"; sourceTree = "<group>"; };
		FB4E497B19F7F99100C715F4 /* Baelog20-1.png */ = {isa = PBXFileReference; lastKnownFileType = image.png; path = "Baelog20-1.png"; sourceTree = "<group>"; };
		FB4E497C19F7F99100C715F4 /* Baelog20-2.png */ = {isa = PBXFileReference; lastKnownFileType = image.png; path = "Baelog20-2.png"; sourceTree = "<group>"; };
		FB4E49E119F8018600C715F4 /* FirstLevel.h */ = {isa = PBXFileReference; fileEncoding = 4; lastKnownFileType = sourcecode.c.h; path = FirstLevel.h; sourceTree = "<group>"; };
		FB4E49E219F8018600C715F4 /* FirstLevel.m */ = {isa = PBXFileReference; fileEncoding = 4; lastKnownFileType = sourcecode.c.objc; path = FirstLevel.m; sourceTree = "<group>"; };
		FBA76BD019F6F2FD0011AE2E /* bubble_soap.ttf */ = {isa = PBXFileReference; lastKnownFileType = file; path = bubble_soap.ttf; sourceTree = "<group>"; };
		FBB8E4C919F5446200A482A3 /* Viking Madness.app */ = {isa = PBXFileReference; explicitFileType = wrapper.application; includeInIndex = 0; path = "Viking Madness.app"; sourceTree = BUILT_PRODUCTS_DIR; };
		FBB8E4CC19F5446200A482A3 /* Foundation.framework */ = {isa = PBXFileReference; lastKnownFileType = wrapper.framework; name = Foundation.framework; path = System/Library/Frameworks/Foundation.framework; sourceTree = SDKROOT; };
		FBB8E4CE19F5446200A482A3 /* CoreGraphics.framework */ = {isa = PBXFileReference; lastKnownFileType = wrapper.framework; name = CoreGraphics.framework; path = System/Library/Frameworks/CoreGraphics.framework; sourceTree = SDKROOT; };
		FBB8E4D019F5446200A482A3 /* UIKit.framework */ = {isa = PBXFileReference; lastKnownFileType = wrapper.framework; name = UIKit.framework; path = System/Library/Frameworks/UIKit.framework; sourceTree = SDKROOT; };
		FBB8E4D219F5446200A482A3 /* SpriteKit.framework */ = {isa = PBXFileReference; lastKnownFileType = wrapper.framework; name = SpriteKit.framework; path = System/Library/Frameworks/SpriteKit.framework; sourceTree = SDKROOT; };
		FBB8E4D619F5446200A482A3 /* Viking Madness-Info.plist */ = {isa = PBXFileReference; lastKnownFileType = text.plist.xml; path = "Viking Madness-Info.plist"; sourceTree = "<group>"; };
		FBB8E4D819F5446200A482A3 /* en */ = {isa = PBXFileReference; lastKnownFileType = text.plist.strings; name = en; path = en.lproj/InfoPlist.strings; sourceTree = "<group>"; };
		FBB8E4DA19F5446200A482A3 /* main.m */ = {isa = PBXFileReference; lastKnownFileType = sourcecode.c.objc; path = main.m; sourceTree = "<group>"; };
		FBB8E4DC19F5446200A482A3 /* Viking Madness-Prefix.pch */ = {isa = PBXFileReference; lastKnownFileType = sourcecode.c.h; path = "Viking Madness-Prefix.pch"; sourceTree = "<group>"; };
		FBB8E4DD19F5446200A482A3 /* AppDelegate.h */ = {isa = PBXFileReference; lastKnownFileType = sourcecode.c.h; path = AppDelegate.h; sourceTree = "<group>"; };
		FBB8E4DE19F5446200A482A3 /* AppDelegate.m */ = {isa = PBXFileReference; lastKnownFileType = sourcecode.c.objc; path = AppDelegate.m; sourceTree = "<group>"; };
		FBB8E4E119F5446200A482A3 /* Base */ = {isa = PBXFileReference; lastKnownFileType = file.storyboard; name = Base; path = Base.lproj/Main.storyboard; sourceTree = "<group>"; };
		FBB8E4E319F5446200A482A3 /* ViewController.h */ = {isa = PBXFileReference; lastKnownFileType = sourcecode.c.h; path = ViewController.h; sourceTree = "<group>"; };
		FBB8E4E419F5446200A482A3 /* ViewController.m */ = {isa = PBXFileReference; lastKnownFileType = sourcecode.c.objc; path = ViewController.m; sourceTree = "<group>"; };
		FBB8E4E619F5446200A482A3 /* MyScene.h */ = {isa = PBXFileReference; lastKnownFileType = sourcecode.c.h; path = MyScene.h; sourceTree = "<group>"; };
		FBB8E4E719F5446200A482A3 /* MyScene.m */ = {isa = PBXFileReference; lastKnownFileType = sourcecode.c.objc; path = MyScene.m; sourceTree = "<group>"; };
		FBB8E4E919F5446200A482A3 /* Spaceship.png */ = {isa = PBXFileReference; lastKnownFileType = image.png; path = Spaceship.png; sourceTree = "<group>"; };
		FBB8E4EB19F5446200A482A3 /* Images.xcassets */ = {isa = PBXFileReference; lastKnownFileType = folder.assetcatalog; path = Images.xcassets; sourceTree = "<group>"; };
		FBB8E4F119F5446200A482A3 /* Viking MadnessTests.xctest */ = {isa = PBXFileReference; explicitFileType = wrapper.cfbundle; includeInIndex = 0; path = "Viking MadnessTests.xctest"; sourceTree = BUILT_PRODUCTS_DIR; };
		FBB8E4F219F5446200A482A3 /* XCTest.framework */ = {isa = PBXFileReference; lastKnownFileType = wrapper.framework; name = XCTest.framework; path = Library/Frameworks/XCTest.framework; sourceTree = DEVELOPER_DIR; };
		FBB8E4FA19F5446200A482A3 /* Viking MadnessTests-Info.plist */ = {isa = PBXFileReference; lastKnownFileType = text.plist.xml; path = "Viking MadnessTests-Info.plist"; sourceTree = "<group>"; };
		FBB8E4FC19F5446200A482A3 /* en */ = {isa = PBXFileReference; lastKnownFileType = text.plist.strings; name = en; path = en.lproj/InfoPlist.strings; sourceTree = "<group>"; };
		FBB8E4FE19F5446200A482A3 /* Viking_MadnessTests.m */ = {isa = PBXFileReference; lastKnownFileType = sourcecode.c.objc; path = Viking_MadnessTests.m; sourceTree = "<group>"; };
		FBB8E50919F5470200A482A3 /* mainMenu.old.png */ = {isa = PBXFileReference; lastKnownFileType = image.png; path = mainMenu.old.png; sourceTree = "<group>"; };
		FBB8E50C19F54C9A00A482A3 /* logo.old.png */ = {isa = PBXFileReference; lastKnownFileType = image.png; path = logo.old.png; sourceTree = "<group>"; };
		FBB8E50E19F5566200A482A3 /* signButton.png */ = {isa = PBXFileReference; lastKnownFileType = image.png; path = signButton.png; sourceTree = "<group>"; };
/* End PBXFileReference section */

/* Begin PBXFrameworksBuildPhase section */
		FBB8E4C619F5446200A482A3 /* Frameworks */ = {
			isa = PBXFrameworksBuildPhase;
			buildActionMask = 2147483647;
			files = (
				FBB8E4CF19F5446200A482A3 /* CoreGraphics.framework in Frameworks */,
				FBB8E4D119F5446200A482A3 /* UIKit.framework in Frameworks */,
				FBB8E4D319F5446200A482A3 /* SpriteKit.framework in Frameworks */,
				FBB8E4CD19F5446200A482A3 /* Foundation.framework in Frameworks */,
			);
			runOnlyForDeploymentPostprocessing = 0;
		};
		FBB8E4EE19F5446200A482A3 /* Frameworks */ = {
			isa = PBXFrameworksBuildPhase;
			buildActionMask = 2147483647;
			files = (
				FBB8E4F319F5446200A482A3 /* XCTest.framework in Frameworks */,
				FBB8E4F519F5446200A482A3 /* UIKit.framework in Frameworks */,
				FBB8E4F419F5446200A482A3 /* Foundation.framework in Frameworks */,
			);
			runOnlyForDeploymentPostprocessing = 0;
		};
/* End PBXFrameworksBuildPhase section */

/* Begin PBXGroup section */
		DFAB52A21A01BF1B00914D0E /* Knight */ = {
			isa = PBXGroup;
			children = (
				DFAB52A31A01BF1B00914D0E /* Slash */,
				DFAB52CE1A01BF1C00914D0E /* Walk */,
			);
			path = Knight;
			sourceTree = "<group>";
		};
		DFAB52A31A01BF1B00914D0E /* Slash */ = {
			isa = PBXGroup;
			children = (
				DFAB52A51A01BF1B00914D0E /* Knight_Slash_1.png */,
				DFAB52A61A01BF1B00914D0E /* Knight_Slash_10.png */,
				DFAB52A71A01BF1B00914D0E /* Knight_Slash_11.png */,
				DFAB52A81A01BF1B00914D0E /* Knight_Slash_12.png */,
				DFAB52AA1A01BF1B00914D0E /* Knight_Slash_2.png */,
				DFAB52AB1A01BF1B00914D0E /* Knight_Slash_3.png */,
				DFAB52AC1A01BF1B00914D0E /* Knight_Slash_4.png */,
				DFAB52AD1A01BF1B00914D0E /* Knight_Slash_5.png */,
				DFAB52AE1A01BF1B00914D0E /* Knight_Slash_6.png */,
				DFAB52AF1A01BF1B00914D0E /* Knight_Slash_7.png */,
				DFAB52B01A01BF1B00914D0E /* Knight_Slash_8.png */,
				DFAB52B11A01BF1B00914D0E /* Knight_Slash_9.png */,
				DFAB52B21A01BF1B00914D0E /* With Shield */,
			);
			path = Slash;
			sourceTree = "<group>";
		};
		DFAB52B21A01BF1B00914D0E /* With Shield */ = {
			isa = PBXGroup;
			children = (
				DFAB52B31A01BF1B00914D0E /* Knight_SSlash_0.psd */,
				DFAB52B41A01BF1B00914D0E /* Knight_SSlash_1.png */,
				DFAB52B51A01BF1B00914D0E /* Knight_SSlash_10.png */,
				DFAB52B61A01BF1B00914D0E /* Knight_SSlash_11.png */,
				DFAB52B71A01BF1C00914D0E /* Knight_SSlash_12.png */,
				DFAB52B81A01BF1C00914D0E /* Knight_SSlash_13.png */,
				DFAB52B91A01BF1C00914D0E /* Knight_SSlash_2.png */,
				DFAB52BA1A01BF1C00914D0E /* Knight_SSlash_3.png */,
				DFAB52BB1A01BF1C00914D0E /* Knight_SSlash_4.png */,
				DFAB52BC1A01BF1C00914D0E /* Knight_SSlash_5.png */,
				DFAB52BD1A01BF1C00914D0E /* Knight_SSlash_6.png */,
				DFAB52BE1A01BF1C00914D0E /* Knight_SSlash_7.png */,
				DFAB52BF1A01BF1C00914D0E /* Knight_SSlash_8.png */,
				DFAB52C01A01BF1C00914D0E /* Knight_SSlash_9.png */,
				DFAB52C11A01BF1C00914D0E /* old */,
			);
			path = "With Shield";
			sourceTree = "<group>";
		};
		DFAB52C11A01BF1C00914D0E /* old */ = {
			isa = PBXGroup;
			children = (
				DFAB52C21A01BF1C00914D0E /* Knight_SSlash_00.png */,
				DFAB52C31A01BF1C00914D0E /* Knight_SSlash_01.png */,
				DFAB52C41A01BF1C00914D0E /* Knight_SSlash_02.png */,
				DFAB52C51A01BF1C00914D0E /* Knight_SSlash_03.png */,
				DFAB52C61A01BF1C00914D0E /* Knight_SSlash_04.png */,
				DFAB52C71A01BF1C00914D0E /* Knight_SSlash_05.png */,
				DFAB52C81A01BF1C00914D0E /* Knight_SSlash_06.png */,
				DFAB52C91A01BF1C00914D0E /* Knight_SSlash_07.png */,
				DFAB52CA1A01BF1C00914D0E /* Knight_SSlash_08.png */,
				DFAB52CB1A01BF1C00914D0E /* Knight_SSlash_09.png */,
				DFAB52CC1A01BF1C00914D0E /* Knight_SSlash_10.png */,
				DFAB52CD1A01BF1C00914D0E /* Knight_SSlash_11.png */,
			);
			path = old;
			sourceTree = "<group>";
		};
		DFAB52CE1A01BF1C00914D0E /* Walk */ = {
			isa = PBXGroup;
			children = (
				DFAB52D01A01BF1C00914D0E /* Knight_Walk_0.png */,
				DFAB52D11A01BF1C00914D0E /* Knight_Walk_1.png */,
				DFAB52D21A01BF1C00914D0E /* Knight_Walk_10.png */,
				DFAB52D31A01BF1C00914D0E /* Knight_Walk_11.png */,
				DFAB52D41A01BF1C00914D0E /* Knight_Walk_12.png */,
				DFAB52D51A01BF1C00914D0E /* Knight_Walk_13.png */,
				DFAB52D61A01BF1C00914D0E /* Knight_Walk_14.png */,
				DFAB52D71A01BF1C00914D0E /* Knight_Walk_15.png */,
				DFAB52D81A01BF1C00914D0E /* Knight_Walk_16.png */,
				DFAB52D91A01BF1C00914D0E /* Knight_Walk_17.png */,
				DFAB52DB1A01BF1C00914D0E /* Knight_Walk_2.png */,
				DFAB52DC1A01BF1C00914D0E /* Knight_Walk_3.png */,
				DFAB52DD1A01BF1C00914D0E /* Knight_Walk_4.png */,
				DFAB52DE1A01BF1C00914D0E /* Knight_Walk_5.png */,
				DFAB52DF1A01BF1C00914D0E /* Knight_Walk_6.png */,
				DFAB52E01A01BF1C00914D0E /* Knight_Walk_7.png */,
				DFAB52E11A01BF1C00914D0E /* Knight_Walk_8.png */,
				DFAB52E21A01BF1C00914D0E /* Knight_Walk_9.png */,
			);
			path = Walk;
			sourceTree = "<group>";
		};
		FB1EECB71A02485900BA714F /* UI */ = {
			isa = PBXGroup;
			children = (
				FB1EECC01A024B5000BA714F /* down.png */,
				FB1EECC11A024B5000BA714F /* left.png */,
				FB1EECC21A024B5000BA714F /* right.png */,
				FB1EECC31A024B5000BA714F /* up.png */,
			);
			name = UI;
			sourceTree = "<group>";
		};
		FB4E490E19F7F77600C715F4 /* Entities */ = {
			isa = PBXGroup;
			children = (
				FB4E490F19F7F7BE00C715F4 /* Entity.h */,
				FB4E491019F7F7BE00C715F4 /* Entity.m */,
				FB4E491219F7F85A00C715F4 /* Baelog.h */,
				FB4E491319F7F85A00C715F4 /* Baelog.m */,
				DFDACC871A017DC900F550CF /* Knight.h */,
				DFDACC881A017DC900F550CF /* Knight.m */,
			);
			name = Entities;
			sourceTree = "<group>";
		};
		FB4E491519F7F89200C715F4 /* SKTUtils */ = {
			isa = PBXGroup;
			children = (
				FB4E491619F7F89200C715F4 /* SKAction+SKTExtras.h */,
				FB4E491719F7F89200C715F4 /* SKAction+SKTExtras.m */,
				FB4E491819F7F89200C715F4 /* SKEmitterNode+SKTExtras.h */,
				FB4E491919F7F89200C715F4 /* SKEmitterNode+SKTExtras.m */,
				FB4E491A19F7F89200C715F4 /* SKNode+SKTExtras.h */,
				FB4E491B19F7F89200C715F4 /* SKNode+SKTExtras.m */,
				FB4E491C19F7F89200C715F4 /* SKTAudio.h */,
				FB4E491D19F7F89200C715F4 /* SKTAudio.m */,
				FB4E491E19F7F89200C715F4 /* SKTUtils.h */,
				FB4E491F19F7F89200C715F4 /* SKTUtils.mm */,
			);
			path = SKTUtils;
			sourceTree = "<group>";
		};
		FB4E492519F7F97C00C715F4 /* Baelog */ = {
			isa = PBXGroup;
			children = (
				FB4E49D419F7F99C00C715F4 /* Walk */,
				FB4E49D519F7F9BD00C715F4 /* Climb */,
				FB4E49D619F7F9D700C715F4 /* Idle */,
				FB4E49D719F7F9E100C715F4 /* Fall */,
				FB4E49D819F7F9EF00C715F4 /* Sword Swing */,
				FB4E49D919F7FA6A00C715F4 /* Push Object */,
				FB4E49DA19F7FA7C00C715F4 /* Struck */,
				FB4E49DB19F7FA8A00C715F4 /* Idle 2 */,
				FB4E49DC19F7FAA800C715F4 /* Idle 3 */,
				FB4E49DD19F7FAD600C715F4 /* Direct Punch */,
				FB4E49DE19F7FAFA00C715F4 /* Push up */,
				FB4E49DF19F7FB2700C715F4 /* Hang */,
				FB4E49E419F8264000C715F4 /* TONAME */,
			);
			name = Baelog;
			sourceTree = "<group>";
		};
		FB4E49D419F7F99C00C715F4 /* Walk */ = {
			isa = PBXGroup;
			children = (
				FB4E492619F7F99100C715F4 /* Baelog-0-0.png */,
				FB4E492719F7F99100C715F4 /* Baelog-0-1.png */,
				FB4E492819F7F99100C715F4 /* Baelog-0-2.png */,
				FB4E492919F7F99100C715F4 /* Baelog-0-3.png */,
				FB4E492A19F7F99100C715F4 /* Baelog-0-4.png */,
				FB4E492B19F7F99100C715F4 /* Baelog-0-5.png */,
				FB4E492C19F7F99100C715F4 /* Baelog-0-6.png */,
				FB4E492D19F7F99100C715F4 /* Baelog-0-7.png */,
			);
			name = Walk;
			sourceTree = "<group>";
		};
		FB4E49D519F7F9BD00C715F4 /* Climb */ = {
			isa = PBXGroup;
			children = (
				FB4E492E19F7F99100C715F4 /* Baelog-1-0.png */,
				FB4E492F19F7F99100C715F4 /* Baelog-1-1.png */,
				FB4E493019F7F99100C715F4 /* Baelog-1-2.png */,
				FB4E493119F7F99100C715F4 /* Baelog-1-3.png */,
				FB4E493219F7F99100C715F4 /* Baelog-1-4.png */,
				FB4E493319F7F99100C715F4 /* Baelog-1-5.png */,
			);
			name = Climb;
			sourceTree = "<group>";
		};
		FB4E49D619F7F9D700C715F4 /* Idle */ = {
			isa = PBXGroup;
			children = (
				FB4E493419F7F99100C715F4 /* Baelog-2-0.png */,
				FB4E493519F7F99100C715F4 /* Baelog-2-1.png */,
			);
			name = Idle;
			sourceTree = "<group>";
		};
		FB4E49D719F7F9E100C715F4 /* Fall */ = {
			isa = PBXGroup;
			children = (
				FB4E493619F7F99100C715F4 /* Baelog-3-0.png */,
				FB4E493719F7F99100C715F4 /* Baelog-3-1.png */,
			);
			name = Fall;
			sourceTree = "<group>";
		};
		FB4E49D819F7F9EF00C715F4 /* Sword Swing */ = {
			isa = PBXGroup;
			children = (
				FB4E493819F7F99100C715F4 /* Baelog-4-0.png */,
				FB4E493919F7F99100C715F4 /* Baelog-4-1.png */,
				FB4E493A19F7F99100C715F4 /* Baelog-4-2.png */,
				FB4E493B19F7F99100C715F4 /* Baelog-4-3.png */,
				FB4E493C19F7F99100C715F4 /* Baelog-4-4.png */,
				FB4E493D19F7F99100C715F4 /* Baelog-4-5.png */,
			);
			name = "Sword Swing";
			sourceTree = "<group>";
		};
		FB4E49D919F7FA6A00C715F4 /* Push Object */ = {
			isa = PBXGroup;
			children = (
				FB4E493E19F7F99100C715F4 /* Baelog-5-0.png */,
				FB4E493F19F7F99100C715F4 /* Baelog-5-1.png */,
				FB4E494019F7F99100C715F4 /* Baelog-5-2.png */,
				FB4E494119F7F99100C715F4 /* Baelog-5-3.png */,
			);
			name = "Push Object";
			sourceTree = "<group>";
		};
		FB4E49DA19F7FA7C00C715F4 /* Struck */ = {
			isa = PBXGroup;
			children = (
				FB4E494219F7F99100C715F4 /* Baelog-6-0.png */,
				FB4E494319F7F99100C715F4 /* Baelog-6-1.png */,
			);
			name = Struck;
			sourceTree = "<group>";
		};
		FB4E49DB19F7FA8A00C715F4 /* Idle 2 */ = {
			isa = PBXGroup;
			children = (
				FB4E494419F7F99100C715F4 /* Baelog-7-0.png */,
				FB4E494519F7F99100C715F4 /* Baelog-7-1.png */,
				FB4E494619F7F99100C715F4 /* Baelog-7-2.png */,
			);
			name = "Idle 2";
			sourceTree = "<group>";
		};
		FB4E49DC19F7FAA800C715F4 /* Idle 3 */ = {
			isa = PBXGroup;
			children = (
				FB4E494719F7F99100C715F4 /* Baelog-8-0.png */,
				FB4E494819F7F99100C715F4 /* Baelog-8-1.png */,
				FB4E494919F7F99100C715F4 /* Baelog-8-2.png */,
				FB4E494A19F7F99100C715F4 /* Baelog-8-3.png */,
			);
			name = "Idle 3";
			sourceTree = "<group>";
		};
		FB4E49DD19F7FAD600C715F4 /* Direct Punch */ = {
			isa = PBXGroup;
			children = (
				FB4E494B19F7F99100C715F4 /* Baelog-9-0.png */,
				FB4E494C19F7F99100C715F4 /* Baelog-9-1.png */,
				FB4E494D19F7F99100C715F4 /* Baelog-9-2.png */,
				FB4E494E19F7F99100C715F4 /* Baelog-9-3.png */,
			);
			name = "Direct Punch";
			sourceTree = "<group>";
		};
		FB4E49DE19F7FAFA00C715F4 /* Push up */ = {
			isa = PBXGroup;
			children = (
				FB4E494F19F7F99100C715F4 /* Baelog10-0.png */,
				FB4E495019F7F99100C715F4 /* Baelog10-1.png */,
			);
			name = "Push up";
			sourceTree = "<group>";
		};
		FB4E49DF19F7FB2700C715F4 /* Hang */ = {
			isa = PBXGroup;
			children = (
				FB4E495119F7F99100C715F4 /* Baelog11-0.png */,
				FB4E495219F7F99100C715F4 /* Baelog11-1.png */,
				FB4E495319F7F99100C715F4 /* Baelog11-2.png */,
				FB4E495419F7F99100C715F4 /* Baelog11-3.png */,
				FB4E495519F7F99100C715F4 /* Baelog11-4.png */,
				FB4E495619F7F99100C715F4 /* Baelog11-5.png */,
				FB4E495719F7F99100C715F4 /* Baelog11-6.png */,
				FB4E495819F7F99100C715F4 /* Baelog11-7.png */,
			);
			name = Hang;
			sourceTree = "<group>";
		};
		FB4E49E019F8016A00C715F4 /* Scenes */ = {
			isa = PBXGroup;
			children = (
				FBB8E4E619F5446200A482A3 /* MyScene.h */,
				FBB8E4E719F5446200A482A3 /* MyScene.m */,
				FB4E49E119F8018600C715F4 /* FirstLevel.h */,
				FB4E49E219F8018600C715F4 /* FirstLevel.m */,
			);
			name = Scenes;
			sourceTree = "<group>";
		};
		FB4E49E419F8264000C715F4 /* TONAME */ = {
			isa = PBXGroup;
			children = (
				FB4E495919F7F99100C715F4 /* Baelog12-0.png */,
				FB4E495A19F7F99100C715F4 /* Baelog12-1.png */,
				FB4E495B19F7F99100C715F4 /* Baelog12-2.png */,
				FB4E495C19F7F99100C715F4 /* Baelog13-0.png */,
				FB4E495D19F7F99100C715F4 /* Baelog13-1.png */,
				FB4E495E19F7F99100C715F4 /* Baelog13-2.png */,
				FB4E495F19F7F99100C715F4 /* Baelog13-3.png */,
				FB4E496019F7F99100C715F4 /* Baelog13-4.png */,
				FB4E496119F7F99100C715F4 /* Baelog13-5.png */,
				FB4E496219F7F99100C715F4 /* Baelog14-0.png */,
				FB4E496319F7F99100C715F4 /* Baelog14-1.png */,
				FB4E496419F7F99100C715F4 /* Baelog14-2.png */,
				FB4E496519F7F99100C715F4 /* Baelog15-0.png */,
				FB4E496619F7F99100C715F4 /* Baelog15-1.png */,
				FB4E496719F7F99100C715F4 /* Baelog15-2.png */,
				FB4E496819F7F99100C715F4 /* Baelog15-3.png */,
				FB4E496919F7F99100C715F4 /* Baelog15-4.png */,
				FB4E496A19F7F99100C715F4 /* Baelog15-5.png */,
				FB4E496B19F7F99100C715F4 /* Baelog16-0.png */,
				FB4E496C19F7F99100C715F4 /* Baelog16-1.png */,
				FB4E496D19F7F99100C715F4 /* Baelog16-2.png */,
				FB4E496E19F7F99100C715F4 /* Baelog16-3.png */,
				FB4E496F19F7F99100C715F4 /* Baelog17-0.png */,
				FB4E497019F7F99100C715F4 /* Baelog17-1.png */,
				FB4E497119F7F99100C715F4 /* Baelog17-2.png */,
				FB4E497219F7F99100C715F4 /* Baelog17-3.png */,
				FB4E497319F7F99100C715F4 /* Baelog18-0.png */,
				FB4E497419F7F99100C715F4 /* Baelog18-1.png */,
				FB4E497519F7F99100C715F4 /* Baelog18-2.png */,
				FB4E497619F7F99100C715F4 /* Baelog18-3.png */,
				FB4E497719F7F99100C715F4 /* Baelog19-0.png */,
				FB4E497819F7F99100C715F4 /* Baelog19-1.png */,
				FB4E497919F7F99100C715F4 /* Baelog19-2.png */,
				FB4E497A19F7F99100C715F4 /* Baelog20-0.png */,
				FB4E497B19F7F99100C715F4 /* Baelog20-1.png */,
				FB4E497C19F7F99100C715F4 /* Baelog20-2.png */,
			);
			name = TONAME;
			sourceTree = "<group>";
		};
		FBA76BCF19F6F2C00011AE2E /* Fonts */ = {
			isa = PBXGroup;
			children = (
				FBA76BD019F6F2FD0011AE2E /* bubble_soap.ttf */,
			);
			name = Fonts;
			sourceTree = "<group>";
		};
		FBB8E4C019F5446200A482A3 = {
			isa = PBXGroup;
			children = (
				FB4E491519F7F89200C715F4 /* SKTUtils */,
				FBB8E4D419F5446200A482A3 /* Viking Madness */,
				FBB8E4F819F5446200A482A3 /* Viking MadnessTests */,
				FBB8E4CB19F5446200A482A3 /* Frameworks */,
				FBB8E4CA19F5446200A482A3 /* Products */,
				FBA76BCF19F6F2C00011AE2E /* Fonts */,
				FBB8E50819F5469400A482A3 /* Art */,
			);
			sourceTree = "<group>";
		};
		FBB8E4CA19F5446200A482A3 /* Products */ = {
			isa = PBXGroup;
			children = (
				FBB8E4C919F5446200A482A3 /* Viking Madness.app */,
				FBB8E4F119F5446200A482A3 /* Viking MadnessTests.xctest */,
			);
			name = Products;
			sourceTree = "<group>";
		};
		FBB8E4CB19F5446200A482A3 /* Frameworks */ = {
			isa = PBXGroup;
			children = (
				FBB8E4CC19F5446200A482A3 /* Foundation.framework */,
				FBB8E4CE19F5446200A482A3 /* CoreGraphics.framework */,
				FBB8E4D019F5446200A482A3 /* UIKit.framework */,
				FBB8E4D219F5446200A482A3 /* SpriteKit.framework */,
				FBB8E4F219F5446200A482A3 /* XCTest.framework */,
			);
			name = Frameworks;
			sourceTree = "<group>";
		};
		FBB8E4D419F5446200A482A3 /* Viking Madness */ = {
			isa = PBXGroup;
			children = (
				FB4E49E019F8016A00C715F4 /* Scenes */,
				FB4E490E19F7F77600C715F4 /* Entities */,
				FBB8E4DD19F5446200A482A3 /* AppDelegate.h */,
				FBB8E4DE19F5446200A482A3 /* AppDelegate.m */,
				FBB8E4E019F5446200A482A3 /* Main.storyboard */,
				FBB8E4E319F5446200A482A3 /* ViewController.h */,
				FBB8E4E419F5446200A482A3 /* ViewController.m */,
				FBB8E4E919F5446200A482A3 /* Spaceship.png */,
				FBB8E4EB19F5446200A482A3 /* Images.xcassets */,
				FBB8E4D519F5446200A482A3 /* Supporting Files */,
			);
			path = "Viking Madness";
			sourceTree = "<group>";
		};
		FBB8E4D519F5446200A482A3 /* Supporting Files */ = {
			isa = PBXGroup;
			children = (
				FBB8E4D619F5446200A482A3 /* Viking Madness-Info.plist */,
				FBB8E4D719F5446200A482A3 /* InfoPlist.strings */,
				FBB8E4DA19F5446200A482A3 /* main.m */,
				FBB8E4DC19F5446200A482A3 /* Viking Madness-Prefix.pch */,
			);
			name = "Supporting Files";
			sourceTree = "<group>";
		};
		FBB8E4F819F5446200A482A3 /* Viking MadnessTests */ = {
			isa = PBXGroup;
			children = (
				FBB8E4FE19F5446200A482A3 /* Viking_MadnessTests.m */,
				FBB8E4F919F5446200A482A3 /* Supporting Files */,
			);
			path = "Viking MadnessTests";
			sourceTree = "<group>";
		};
		FBB8E4F919F5446200A482A3 /* Supporting Files */ = {
			isa = PBXGroup;
			children = (
				FBB8E4FA19F5446200A482A3 /* Viking MadnessTests-Info.plist */,
				FBB8E4FB19F5446200A482A3 /* InfoPlist.strings */,
			);
			name = "Supporting Files";
			sourceTree = "<group>";
		};
		FBB8E50819F5469400A482A3 /* Art */ = {
			isa = PBXGroup;
			children = (
				DFAB52A21A01BF1B00914D0E /* Knight */,
				FB4E492519F7F97C00C715F4 /* Baelog */,
				FBB8E51019F5566600A482A3 /* Buttons */,
				FBB8E50B19F5470600A482A3 /* Background */,
			);
			name = Art;
			sourceTree = "<group>";
		};
		FBB8E50B19F5470600A482A3 /* Background */ = {
			isa = PBXGroup;
			children = (
				DF9157231A006B5A00B89BFF /* logo.png */,
				FBB8E50C19F54C9A00A482A3 /* logo.old.png */,
				FBB8E50919F5470200A482A3 /* mainMenu.old.png */,
				DF9157251A006B6600B89BFF /* mainMenu.png */,
			);
			name = Background;
			sourceTree = "<group>";
		};
		FBB8E51019F5566600A482A3 /* Buttons */ = {
			isa = PBXGroup;
			children = (
				FBB8E50E19F5566200A482A3 /* signButton.png */,
				FB1EECB71A02485900BA714F /* UI */,
			);
			name = Buttons;
			sourceTree = "<group>";
		};
/* End PBXGroup section */

/* Begin PBXNativeTarget section */
		FBB8E4C819F5446200A482A3 /* Viking Madness */ = {
			isa = PBXNativeTarget;
			buildConfigurationList = FBB8E50219F5446200A482A3 /* Build configuration list for PBXNativeTarget "Viking Madness" */;
			buildPhases = (
				FBB8E4C519F5446200A482A3 /* Sources */,
				FBB8E4C619F5446200A482A3 /* Frameworks */,
				FBB8E4C719F5446200A482A3 /* Resources */,
			);
			buildRules = (
			);
			dependencies = (
			);
			name = "Viking Madness";
			productName = "Viking Madness";
			productReference = FBB8E4C919F5446200A482A3 /* Viking Madness.app */;
			productType = "com.apple.product-type.application";
		};
		FBB8E4F019F5446200A482A3 /* Viking MadnessTests */ = {
			isa = PBXNativeTarget;
			buildConfigurationList = FBB8E50519F5446200A482A3 /* Build configuration list for PBXNativeTarget "Viking MadnessTests" */;
			buildPhases = (
				FBB8E4ED19F5446200A482A3 /* Sources */,
				FBB8E4EE19F5446200A482A3 /* Frameworks */,
				FBB8E4EF19F5446200A482A3 /* Resources */,
			);
			buildRules = (
			);
			dependencies = (
				FBB8E4F719F5446200A482A3 /* PBXTargetDependency */,
			);
			name = "Viking MadnessTests";
			productName = "Viking MadnessTests";
			productReference = FBB8E4F119F5446200A482A3 /* Viking MadnessTests.xctest */;
			productType = "com.apple.product-type.bundle.unit-test";
		};
/* End PBXNativeTarget section */

/* Begin PBXProject section */
		FBB8E4C119F5446200A482A3 /* Project object */ = {
			isa = PBXProject;
			attributes = {
				LastUpgradeCheck = 0510;
				ORGANIZATIONNAME = iOSP;
				TargetAttributes = {
					FBB8E4C819F5446200A482A3 = {
						DevelopmentTeam = 8VP2CK62GJ;
					};
					FBB8E4F019F5446200A482A3 = {
						TestTargetID = FBB8E4C819F5446200A482A3;
					};
				};
			};
			buildConfigurationList = FBB8E4C419F5446200A482A3 /* Build configuration list for PBXProject "Viking Madness" */;
			compatibilityVersion = "Xcode 3.2";
			developmentRegion = English;
			hasScannedForEncodings = 0;
			knownRegions = (
				en,
				Base,
			);
			mainGroup = FBB8E4C019F5446200A482A3;
			productRefGroup = FBB8E4CA19F5446200A482A3 /* Products */;
			projectDirPath = "";
			projectRoot = "";
			targets = (
				FBB8E4C819F5446200A482A3 /* Viking Madness */,
				FBB8E4F019F5446200A482A3 /* Viking MadnessTests */,
			);
		};
/* End PBXProject section */

/* Begin PBXResourcesBuildPhase section */
		FBB8E4C719F5446200A482A3 /* Resources */ = {
			isa = PBXResourcesBuildPhase;
			buildActionMask = 2147483647;
			files = (
				DFAB53021A01BF1C00914D0E /* Knight_SSlash_03.png in Resources */,
				FB4E498C19F7F99100C715F4 /* Baelog-2-1.png in Resources */,
				FB4E499319F7F99100C715F4 /* Baelog-4-4.png in Resources */,
				FBB8E4D919F5446200A482A3 /* InfoPlist.strings in Resources */,
				FB4E49A019F7F99100C715F4 /* Baelog-8-2.png in Resources */,
				FB4E499019F7F99100C715F4 /* Baelog-4-1.png in Resources */,
				FB4E49B219F7F99100C715F4 /* Baelog12-2.png in Resources */,
				FB4E49BC19F7F99100C715F4 /* Baelog15-0.png in Resources */,
				FB4E49B919F7F99100C715F4 /* Baelog14-0.png in Resources */,
				FB4E49A719F7F99100C715F4 /* Baelog10-1.png in Resources */,
				DFAB52F61A01BF1C00914D0E /* Knight_SSlash_13.png in Resources */,
				FB1EECC51A024B5000BA714F /* left.png in Resources */,
				FB4E498819F7F99100C715F4 /* Baelog-1-3.png in Resources */,
				DFAB53141A01BF1C00914D0E /* Knight_Walk_16.png in Resources */,
				DFAB52F71A01BF1C00914D0E /* Knight_SSlash_2.png in Resources */,
				FB4E499F19F7F99100C715F4 /* Baelog-8-1.png in Resources */,
				DF9157241A006B5A00B89BFF /* logo.png in Resources */,
				DFAB52EE1A01BF1C00914D0E /* Knight_Slash_7.png in Resources */,
				FB4E499619F7F99100C715F4 /* Baelog-5-1.png in Resources */,
				DFAB53081A01BF1C00914D0E /* Knight_SSlash_09.png in Resources */,
				FB4E498319F7F99100C715F4 /* Baelog-0-6.png in Resources */,
				FB4E499E19F7F99100C715F4 /* Baelog-8-0.png in Resources */,
				FB4E498A19F7F99100C715F4 /* Baelog-1-5.png in Resources */,
				FB4E49B419F7F99100C715F4 /* Baelog13-1.png in Resources */,
				FB4E499A19F7F99100C715F4 /* Baelog-6-1.png in Resources */,
				DFAB531A1A01BF1C00914D0E /* Knight_Walk_5.png in Resources */,
				FB4E49C419F7F99100C715F4 /* Baelog16-2.png in Resources */,
				FB4E49AD19F7F99100C715F4 /* Baelog11-5.png in Resources */,
				FB4E49BB19F7F99100C715F4 /* Baelog14-2.png in Resources */,
				DFAB52FE1A01BF1C00914D0E /* Knight_SSlash_9.png in Resources */,
				FB4E49D019F7F99100C715F4 /* Baelog19-2.png in Resources */,
				FB4E49B319F7F99100C715F4 /* Baelog13-0.png in Resources */,
				FB4E497F19F7F99100C715F4 /* Baelog-0-2.png in Resources */,
				FB4E49C819F7F99100C715F4 /* Baelog17-2.png in Resources */,
				FBA76BD119F6F2FD0011AE2E /* bubble_soap.ttf in Resources */,
				DFAB52EC1A01BF1C00914D0E /* Knight_Slash_5.png in Resources */,
				FB4E498F19F7F99100C715F4 /* Baelog-4-0.png in Resources */,
				FBB8E4EC19F5446200A482A3 /* Images.xcassets in Resources */,
				FB4E49B819F7F99100C715F4 /* Baelog13-5.png in Resources */,
				FB4E49AB19F7F99100C715F4 /* Baelog11-3.png in Resources */,
				DFAB52EA1A01BF1C00914D0E /* Knight_Slash_3.png in Resources */,
				DF9157261A006B6600B89BFF /* mainMenu.png in Resources */,
				FB4E49BE19F7F99100C715F4 /* Baelog15-2.png in Resources */,
				DFAB53091A01BF1C00914D0E /* Knight_SSlash_10.png in Resources */,
				FB4E498019F7F99100C715F4 /* Baelog-0-3.png in Resources */,
				FB4E49CF19F7F99100C715F4 /* Baelog19-1.png in Resources */,
				FB4E499819F7F99100C715F4 /* Baelog-5-3.png in Resources */,
				DFAB53171A01BF1C00914D0E /* Knight_Walk_2.png in Resources */,
				DFAB531B1A01BF1C00914D0E /* Knight_Walk_6.png in Resources */,
				FB4E49B119F7F99100C715F4 /* Baelog12-1.png in Resources */,
				DFAB52FC1A01BF1C00914D0E /* Knight_SSlash_7.png in Resources */,
				DFAB53061A01BF1C00914D0E /* Knight_SSlash_07.png in Resources */,
				DFAB52FD1A01BF1C00914D0E /* Knight_SSlash_8.png in Resources */,
				FB4E498119F7F99100C715F4 /* Baelog-0-4.png in Resources */,
				DFAB52F81A01BF1C00914D0E /* Knight_SSlash_3.png in Resources */,
				DFAB530C1A01BF1C00914D0E /* Knight_Walk_0.png in Resources */,
				DFAB53041A01BF1C00914D0E /* Knight_SSlash_05.png in Resources */,
				FB4E499519F7F99100C715F4 /* Baelog-5-0.png in Resources */,
				FB4E49B719F7F99100C715F4 /* Baelog13-4.png in Resources */,
				FB4E49B519F7F99100C715F4 /* Baelog13-2.png in Resources */,
				DFAB53191A01BF1C00914D0E /* Knight_Walk_4.png in Resources */,
				FB4E498219F7F99100C715F4 /* Baelog-0-5.png in Resources */,
				DFAB52F31A01BF1C00914D0E /* Knight_SSlash_10.png in Resources */,
				DFAB53051A01BF1C00914D0E /* Knight_SSlash_06.png in Resources */,
				FB4E499419F7F99100C715F4 /* Baelog-4-5.png in Resources */,
				FB4E498519F7F99100C715F4 /* Baelog-1-0.png in Resources */,
				FB4E49D319F7F99100C715F4 /* Baelog20-2.png in Resources */,
				FB4E498619F7F99100C715F4 /* Baelog-1-1.png in Resources */,
				FB4E49B019F7F99100C715F4 /* Baelog12-0.png in Resources */,
				DFAB52F51A01BF1C00914D0E /* Knight_SSlash_12.png in Resources */,
				DFAB53071A01BF1C00914D0E /* Knight_SSlash_08.png in Resources */,
				DFAB531E1A01BF1C00914D0E /* Knight_Walk_9.png in Resources */,
				DFAB52ED1A01BF1C00914D0E /* Knight_Slash_6.png in Resources */,
				DFAB53001A01BF1C00914D0E /* Knight_SSlash_01.png in Resources */,
				FB4E499C19F7F99100C715F4 /* Baelog-7-1.png in Resources */,
				FB4E49CE19F7F99100C715F4 /* Baelog19-0.png in Resources */,
				FBB8E50D19F54C9A00A482A3 /* logo.old.png in Resources */,
				FB4E49A219F7F99100C715F4 /* Baelog-9-0.png in Resources */,
				FB1EECC61A024B5000BA714F /* right.png in Resources */,
				FB4E49D219F7F99100C715F4 /* Baelog20-1.png in Resources */,
				FB4E49CB19F7F99100C715F4 /* Baelog18-1.png in Resources */,
				DFAB53151A01BF1C00914D0E /* Knight_Walk_17.png in Resources */,
				FB4E49AA19F7F99100C715F4 /* Baelog11-2.png in Resources */,
				DFAB53031A01BF1C00914D0E /* Knight_SSlash_04.png in Resources */,
				DFAB531D1A01BF1C00914D0E /* Knight_Walk_8.png in Resources */,
				DFAB52EB1A01BF1C00914D0E /* Knight_Slash_4.png in Resources */,
				FB4E49CA19F7F99100C715F4 /* Baelog18-0.png in Resources */,
				DFAB530A1A01BF1C00914D0E /* Knight_SSlash_11.png in Resources */,
				DFAB52E41A01BF1C00914D0E /* Knight_Slash_1.png in Resources */,
				DFAB52EF1A01BF1C00914D0E /* Knight_Slash_8.png in Resources */,
				FB4E49BD19F7F99100C715F4 /* Baelog15-1.png in Resources */,
				FB4E49AC19F7F99100C715F4 /* Baelog11-4.png in Resources */,
				FB4E49C219F7F99100C715F4 /* Baelog16-0.png in Resources */,
				FB4E49A619F7F99100C715F4 /* Baelog10-0.png in Resources */,
				DFAB52FB1A01BF1C00914D0E /* Knight_SSlash_6.png in Resources */,
				FB1EECC41A024B5000BA714F /* down.png in Resources */,
				FB4E49CD19F7F99100C715F4 /* Baelog18-3.png in Resources */,
				FB4E49A319F7F99100C715F4 /* Baelog-9-1.png in Resources */,
				FB4E49A819F7F99100C715F4 /* Baelog11-0.png in Resources */,
				FB4E499219F7F99100C715F4 /* Baelog-4-3.png in Resources */,
				DFAB52F91A01BF1C00914D0E /* Knight_SSlash_4.png in Resources */,
				FB4E499D19F7F99100C715F4 /* Baelog-7-2.png in Resources */,
				DFAB53101A01BF1C00914D0E /* Knight_Walk_12.png in Resources */,
				FB4E499719F7F99100C715F4 /* Baelog-5-2.png in Resources */,
				DFAB53121A01BF1C00914D0E /* Knight_Walk_14.png in Resources */,
				FB4E498B19F7F99100C715F4 /* Baelog-2-0.png in Resources */,
				FB4E49B619F7F99100C715F4 /* Baelog13-3.png in Resources */,
				FB4E49A419F7F99100C715F4 /* Baelog-9-2.png in Resources */,
				FB4E49C719F7F99100C715F4 /* Baelog17-1.png in Resources */,
				FB4E49AF19F7F99100C715F4 /* Baelog11-7.png in Resources */,
				DFAB52F21A01BF1C00914D0E /* Knight_SSlash_1.png in Resources */,
				DFAB53011A01BF1C00914D0E /* Knight_SSlash_02.png in Resources */,
				FB4E499919F7F99100C715F4 /* Baelog-6-0.png in Resources */,
				FB4E49A119F7F99100C715F4 /* Baelog-8-3.png in Resources */,
				DFAB53131A01BF1C00914D0E /* Knight_Walk_15.png in Resources */,
				FB1EECC71A024B5000BA714F /* up.png in Resources */,
				DFAB530D1A01BF1C00914D0E /* Knight_Walk_1.png in Resources */,
				FB4E49BF19F7F99100C715F4 /* Baelog15-3.png in Resources */,
				FB4E498919F7F99100C715F4 /* Baelog-1-4.png in Resources */,
				DFAB52FA1A01BF1C00914D0E /* Knight_SSlash_5.png in Resources */,
				FB4E49A919F7F99100C715F4 /* Baelog11-1.png in Resources */,
				FB4E49C619F7F99100C715F4 /* Baelog17-0.png in Resources */,
				FB4E49AE19F7F99100C715F4 /* Baelog11-6.png in Resources */,
				FB4E498D19F7F99100C715F4 /* Baelog-3-0.png in Resources */,
				FBB8E4EA19F5446200A482A3 /* Spaceship.png in Resources */,
				DFAB531C1A01BF1C00914D0E /* Knight_Walk_7.png in Resources */,
				FB4E498719F7F99100C715F4 /* Baelog-1-2.png in Resources */,
				FB4E49A519F7F99100C715F4 /* Baelog-9-3.png in Resources */,
				FBB8E50F19F5566200A482A3 /* signButton.png in Resources */,
				FB4E49C019F7F99100C715F4 /* Baelog15-4.png in Resources */,
				DFAB52F41A01BF1C00914D0E /* Knight_SSlash_11.png in Resources */,
				DFAB530E1A01BF1C00914D0E /* Knight_Walk_10.png in Resources */,
				DFAB52E61A01BF1C00914D0E /* Knight_Slash_11.png in Resources */,
				DFAB530F1A01BF1C00914D0E /* Knight_Walk_11.png in Resources */,
				FB4E499B19F7F99100C715F4 /* Baelog-7-0.png in Resources */,
				FB4E49CC19F7F99100C715F4 /* Baelog18-2.png in Resources */,
				DFAB53111A01BF1C00914D0E /* Knight_Walk_13.png in Resources */,
				DFAB52E71A01BF1C00914D0E /* Knight_Slash_12.png in Resources */,
				DFAB52FF1A01BF1C00914D0E /* Knight_SSlash_00.png in Resources */,
				FB4E49BA19F7F99100C715F4 /* Baelog14-1.png in Resources */,
				FB4E497E19F7F99100C715F4 /* Baelog-0-1.png in Resources */,
				FB4E498E19F7F99100C715F4 /* Baelog-3-1.png in Resources */,
				FB4E49D119F7F99100C715F4 /* Baelog20-0.png in Resources */,
				DFAB52E91A01BF1C00914D0E /* Knight_Slash_2.png in Resources */,
				FB4E499119F7F99100C715F4 /* Baelog-4-2.png in Resources */,
				FB4E49C919F7F99100C715F4 /* Baelog17-3.png in Resources */,
				FB4E498419F7F99100C715F4 /* Baelog-0-7.png in Resources */,
				DFAB52E51A01BF1C00914D0E /* Knight_Slash_10.png in Resources */,
				FB4E49C519F7F99100C715F4 /* Baelog16-3.png in Resources */,
				DFAB52F11A01BF1C00914D0E /* Knight_SSlash_0.psd in Resources */,
				DFAB53181A01BF1C00914D0E /* Knight_Walk_3.png in Resources */,
				FBB8E50A19F5470200A482A3 /* mainMenu.old.png in Resources */,
				FB4E497D19F7F99100C715F4 /* Baelog-0-0.png in Resources */,
				FB4E49C319F7F99100C715F4 /* Baelog16-1.png in Resources */,
				FBB8E4E219F5446200A482A3 /* Main.storyboard in Resources */,
				DFAB52F01A01BF1C00914D0E /* Knight_Slash_9.png in Resources */,
				FB4E49C119F7F99100C715F4 /* Baelog15-5.png in Resources */,
			);
			runOnlyForDeploymentPostprocessing = 0;
		};
		FBB8E4EF19F5446200A482A3 /* Resources */ = {
			isa = PBXResourcesBuildPhase;
			buildActionMask = 2147483647;
			files = (
				FBB8E4FD19F5446200A482A3 /* InfoPlist.strings in Resources */,
			);
			runOnlyForDeploymentPostprocessing = 0;
		};
/* End PBXResourcesBuildPhase section */

/* Begin PBXSourcesBuildPhase section */
		FBB8E4C519F5446200A482A3 /* Sources */ = {
			isa = PBXSourcesBuildPhase;
			buildActionMask = 2147483647;
			files = (
				FB4E491119F7F7BE00C715F4 /* Entity.m in Sources */,
				FB4E492219F7F89200C715F4 /* SKNode+SKTExtras.m in Sources */,
				FB4E491419F7F85A00C715F4 /* Baelog.m in Sources */,
				FB4E49E319F8018600C715F4 /* FirstLevel.m in Sources */,
				FBB8E4E819F5446200A482A3 /* MyScene.m in Sources */,
				FB4E492419F7F89200C715F4 /* SKTUtils.mm in Sources */,
				DFDACC891A017DCA00F550CF /* Knight.m in Sources */,
				FB4E492019F7F89200C715F4 /* SKAction+SKTExtras.m in Sources */,
				FBB8E4E519F5446200A482A3 /* ViewController.m in Sources */,
				FBB8E4DF19F5446200A482A3 /* AppDelegate.m in Sources */,
				FB4E492119F7F89200C715F4 /* SKEmitterNode+SKTExtras.m in Sources */,
				FBB8E4DB19F5446200A482A3 /* main.m in Sources */,
				FB4E492319F7F89200C715F4 /* SKTAudio.m in Sources */,
			);
			runOnlyForDeploymentPostprocessing = 0;
		};
		FBB8E4ED19F5446200A482A3 /* Sources */ = {
			isa = PBXSourcesBuildPhase;
			buildActionMask = 2147483647;
			files = (
				FBB8E4FF19F5446200A482A3 /* Viking_MadnessTests.m in Sources */,
			);
			runOnlyForDeploymentPostprocessing = 0;
		};
/* End PBXSourcesBuildPhase section */

/* Begin PBXTargetDependency section */
		FBB8E4F719F5446200A482A3 /* PBXTargetDependency */ = {
			isa = PBXTargetDependency;
			target = FBB8E4C819F5446200A482A3 /* Viking Madness */;
			targetProxy = FBB8E4F619F5446200A482A3 /* PBXContainerItemProxy */;
		};
/* End PBXTargetDependency section */

/* Begin PBXVariantGroup section */
		FBB8E4D719F5446200A482A3 /* InfoPlist.strings */ = {
			isa = PBXVariantGroup;
			children = (
				FBB8E4D819F5446200A482A3 /* en */,
			);
			name = InfoPlist.strings;
			sourceTree = "<group>";
		};
		FBB8E4E019F5446200A482A3 /* Main.storyboard */ = {
			isa = PBXVariantGroup;
			children = (
				FBB8E4E119F5446200A482A3 /* Base */,
			);
			name = Main.storyboard;
			sourceTree = "<group>";
		};
		FBB8E4FB19F5446200A482A3 /* InfoPlist.strings */ = {
			isa = PBXVariantGroup;
			children = (
				FBB8E4FC19F5446200A482A3 /* en */,
			);
			name = InfoPlist.strings;
			sourceTree = "<group>";
		};
/* End PBXVariantGroup section */

/* Begin XCBuildConfiguration section */
		FBB8E50019F5446200A482A3 /* Debug */ = {
			isa = XCBuildConfiguration;
			buildSettings = {
				ALWAYS_SEARCH_USER_PATHS = NO;
				CLANG_CXX_LANGUAGE_STANDARD = "gnu++0x";
				CLANG_CXX_LIBRARY = "libc++";
				CLANG_ENABLE_MODULES = YES;
				CLANG_ENABLE_OBJC_ARC = YES;
				CLANG_WARN_BOOL_CONVERSION = YES;
				CLANG_WARN_CONSTANT_CONVERSION = YES;
				CLANG_WARN_DIRECT_OBJC_ISA_USAGE = YES_ERROR;
				CLANG_WARN_EMPTY_BODY = YES;
				CLANG_WARN_ENUM_CONVERSION = YES;
				CLANG_WARN_INT_CONVERSION = YES;
				CLANG_WARN_OBJC_ROOT_CLASS = YES_ERROR;
				CLANG_WARN__DUPLICATE_METHOD_MATCH = YES;
				"CODE_SIGN_IDENTITY[sdk=iphoneos*]" = "iPhone Developer";
				COPY_PHASE_STRIP = NO;
				GCC_C_LANGUAGE_STANDARD = gnu99;
				GCC_DYNAMIC_NO_PIC = NO;
				GCC_OPTIMIZATION_LEVEL = 0;
				GCC_PREPROCESSOR_DEFINITIONS = (
					"DEBUG=1",
					"$(inherited)",
				);
				GCC_SYMBOLS_PRIVATE_EXTERN = NO;
				GCC_WARN_64_TO_32_BIT_CONVERSION = YES;
				GCC_WARN_ABOUT_RETURN_TYPE = YES_ERROR;
				GCC_WARN_UNDECLARED_SELECTOR = YES;
				GCC_WARN_UNINITIALIZED_AUTOS = YES_AGGRESSIVE;
				GCC_WARN_UNUSED_FUNCTION = YES;
				GCC_WARN_UNUSED_VARIABLE = YES;
				IPHONEOS_DEPLOYMENT_TARGET = 7.1;
				ONLY_ACTIVE_ARCH = YES;
				SDKROOT = iphoneos;
				TARGETED_DEVICE_FAMILY = 2;
			};
			name = Debug;
		};
		FBB8E50119F5446200A482A3 /* Release */ = {
			isa = XCBuildConfiguration;
			buildSettings = {
				ALWAYS_SEARCH_USER_PATHS = NO;
				CLANG_CXX_LANGUAGE_STANDARD = "gnu++0x";
				CLANG_CXX_LIBRARY = "libc++";
				CLANG_ENABLE_MODULES = YES;
				CLANG_ENABLE_OBJC_ARC = YES;
				CLANG_WARN_BOOL_CONVERSION = YES;
				CLANG_WARN_CONSTANT_CONVERSION = YES;
				CLANG_WARN_DIRECT_OBJC_ISA_USAGE = YES_ERROR;
				CLANG_WARN_EMPTY_BODY = YES;
				CLANG_WARN_ENUM_CONVERSION = YES;
				CLANG_WARN_INT_CONVERSION = YES;
				CLANG_WARN_OBJC_ROOT_CLASS = YES_ERROR;
				CLANG_WARN__DUPLICATE_METHOD_MATCH = YES;
				"CODE_SIGN_IDENTITY[sdk=iphoneos*]" = "iPhone Developer";
				COPY_PHASE_STRIP = YES;
				ENABLE_NS_ASSERTIONS = NO;
				GCC_C_LANGUAGE_STANDARD = gnu99;
				GCC_WARN_64_TO_32_BIT_CONVERSION = YES;
				GCC_WARN_ABOUT_RETURN_TYPE = YES_ERROR;
				GCC_WARN_UNDECLARED_SELECTOR = YES;
				GCC_WARN_UNINITIALIZED_AUTOS = YES_AGGRESSIVE;
				GCC_WARN_UNUSED_FUNCTION = YES;
				GCC_WARN_UNUSED_VARIABLE = YES;
				IPHONEOS_DEPLOYMENT_TARGET = 7.1;
				SDKROOT = iphoneos;
				TARGETED_DEVICE_FAMILY = 2;
				VALIDATE_PRODUCT = YES;
			};
			name = Release;
		};
		FBB8E50319F5446200A482A3 /* Debug */ = {
			isa = XCBuildConfiguration;
			buildSettings = {
				ASSETCATALOG_COMPILER_APPICON_NAME = AppIcon;
				ASSETCATALOG_COMPILER_LAUNCHIMAGE_NAME = LaunchImage;
				CODE_SIGN_IDENTITY = "iPhone Developer";
				"CODE_SIGN_IDENTITY[sdk=iphoneos*]" = "iPhone Developer";
				GCC_PRECOMPILE_PREFIX_HEADER = YES;
				GCC_PREFIX_HEADER = "Viking Madness/Viking Madness-Prefix.pch";
				INFOPLIST_FILE = "Viking Madness/Viking Madness-Info.plist";
				PRODUCT_NAME = "$(TARGET_NAME)";
				PROVISIONING_PROFILE = "";
				SPRITEKIT_TEXTURE_ATLAS_OUTPUT = YES;
				WRAPPER_EXTENSION = app;
			};
			name = Debug;
		};
		FBB8E50419F5446200A482A3 /* Release */ = {
			isa = XCBuildConfiguration;
			buildSettings = {
				ASSETCATALOG_COMPILER_APPICON_NAME = AppIcon;
				ASSETCATALOG_COMPILER_LAUNCHIMAGE_NAME = LaunchImage;
				CODE_SIGN_IDENTITY = "iPhone Developer";
				"CODE_SIGN_IDENTITY[sdk=iphoneos*]" = "iPhone Developer";
				GCC_PRECOMPILE_PREFIX_HEADER = YES;
				GCC_PREFIX_HEADER = "Viking Madness/Viking Madness-Prefix.pch";
				INFOPLIST_FILE = "Viking Madness/Viking Madness-Info.plist";
				PRODUCT_NAME = "$(TARGET_NAME)";
				PROVISIONING_PROFILE = "";
				SPRITEKIT_TEXTURE_ATLAS_OUTPUT = YES;
				WRAPPER_EXTENSION = app;
			};
			name = Release;
		};
		FBB8E50619F5446200A482A3 /* Debug */ = {
			isa = XCBuildConfiguration;
			buildSettings = {
				BUNDLE_LOADER = "$(BUILT_PRODUCTS_DIR)/Viking Madness.app/Viking Madness";
				FRAMEWORK_SEARCH_PATHS = (
					"$(SDKROOT)/Developer/Library/Frameworks",
					"$(inherited)",
					"$(DEVELOPER_FRAMEWORKS_DIR)",
				);
				GCC_PRECOMPILE_PREFIX_HEADER = YES;
				GCC_PREFIX_HEADER = "Viking Madness/Viking Madness-Prefix.pch";
				GCC_PREPROCESSOR_DEFINITIONS = (
					"DEBUG=1",
					"$(inherited)",
				);
				INFOPLIST_FILE = "Viking MadnessTests/Viking MadnessTests-Info.plist";
				PRODUCT_NAME = "$(TARGET_NAME)";
				TEST_HOST = "$(BUNDLE_LOADER)";
				WRAPPER_EXTENSION = xctest;
			};
			name = Debug;
		};
		FBB8E50719F5446200A482A3 /* Release */ = {
			isa = XCBuildConfiguration;
			buildSettings = {
				BUNDLE_LOADER = "$(BUILT_PRODUCTS_DIR)/Viking Madness.app/Viking Madness";
				FRAMEWORK_SEARCH_PATHS = (
					"$(SDKROOT)/Developer/Library/Frameworks",
					"$(inherited)",
					"$(DEVELOPER_FRAMEWORKS_DIR)",
				);
				GCC_PRECOMPILE_PREFIX_HEADER = YES;
				GCC_PREFIX_HEADER = "Viking Madness/Viking Madness-Prefix.pch";
				INFOPLIST_FILE = "Viking MadnessTests/Viking MadnessTests-Info.plist";
				PRODUCT_NAME = "$(TARGET_NAME)";
				TEST_HOST = "$(BUNDLE_LOADER)";
				WRAPPER_EXTENSION = xctest;
			};
			name = Release;
		};
/* End XCBuildConfiguration section */

/* Begin XCConfigurationList section */
		FBB8E4C419F5446200A482A3 /* Build configuration list for PBXProject "Viking Madness" */ = {
			isa = XCConfigurationList;
			buildConfigurations = (
				FBB8E50019F5446200A482A3 /* Debug */,
				FBB8E50119F5446200A482A3 /* Release */,
			);
			defaultConfigurationIsVisible = 0;
			defaultConfigurationName = Release;
		};
		FBB8E50219F5446200A482A3 /* Build configuration list for PBXNativeTarget "Viking Madness" */ = {
			isa = XCConfigurationList;
			buildConfigurations = (
				FBB8E50319F5446200A482A3 /* Debug */,
				FBB8E50419F5446200A482A3 /* Release */,
			);
			defaultConfigurationIsVisible = 0;
			defaultConfigurationName = Release;
		};
		FBB8E50519F5446200A482A3 /* Build configuration list for PBXNativeTarget "Viking MadnessTests" */ = {
			isa = XCConfigurationList;
			buildConfigurations = (
				FBB8E50619F5446200A482A3 /* Debug */,
				FBB8E50719F5446200A482A3 /* Release */,
			);
			defaultConfigurationIsVisible = 0;
			defaultConfigurationName = Release;
		};
/* End XCConfigurationList section */
	};
	rootObject = FBB8E4C119F5446200A482A3 /* Project object */;
}
